// !$*UTF8*$!
{
	archiveVersion = 1;
	classes = {
	};
	objectVersion = 46;
	objects = {

/* Begin PBXBuildFile section */
		3FBED3731A733AFC007FFCCB /* AppDelegate.swift in Sources */ = {isa = PBXBuildFile; fileRef = 3FBED3721A733AFC007FFCCB /* AppDelegate.swift */; };
		3FBED3751A733AFC007FFCCB /* ViewController.swift in Sources */ = {isa = PBXBuildFile; fileRef = 3FBED3741A733AFC007FFCCB /* ViewController.swift */; };
		3FBED3781A733AFC007FFCCB /* Main.storyboard in Resources */ = {isa = PBXBuildFile; fileRef = 3FBED3761A733AFC007FFCCB /* Main.storyboard */; };
		3FBED37A1A733AFC007FFCCB /* Images.xcassets in Resources */ = {isa = PBXBuildFile; fileRef = 3FBED3791A733AFC007FFCCB /* Images.xcassets */; };
		3FBED37D1A733AFC007FFCCB /* LaunchScreen.xib in Resources */ = {isa = PBXBuildFile; fileRef = 3FBED37B1A733AFC007FFCCB /* LaunchScreen.xib */; };
		3FBED3891A733AFC007FFCCB /* Table_ViewsTests.swift in Sources */ = {isa = PBXBuildFile; fileRef = 3FBED3881A733AFC007FFCCB /* Table_ViewsTests.swift */; };
/* End PBXBuildFile section */

/* Begin PBXContainerItemProxy section */
		3FBED3831A733AFC007FFCCB /* PBXContainerItemProxy */ = {
			isa = PBXContainerItemProxy;
			containerPortal = 3FBED3651A733AFC007FFCCB /* Project object */;
			proxyType = 1;
			remoteGlobalIDString = 3FBED36C1A733AFC007FFCCB;
			remoteInfo = "Table Views";
		};
/* End PBXContainerItemProxy section */

/* Begin PBXFileReference section */
		3FBED36D1A733AFC007FFCCB /* Table Views.app */ = {isa = PBXFileReference; explicitFileType = wrapper.application; includeInIndex = 0; path = "Table Views.app"; sourceTree = BUILT_PRODUCTS_DIR; };
		3FBED3711A733AFC007FFCCB /* Info.plist */ = {isa = PBXFileReference; lastKnownFileType = text.plist.xml; path = Info.plist; sourceTree = "<group>"; };
		3FBED3721A733AFC007FFCCB /* AppDelegate.swift */ = {isa = PBXFileReference; lastKnownFileType = sourcecode.swift; path = AppDelegate.swift; sourceTree = "<group>"; };
		3FBED3741A733AFC007FFCCB /* ViewController.swift */ = {isa = PBXFileReference; lastKnownFileType = sourcecode.swift; path = ViewController.swift; sourceTree = "<group>"; };
		3FBED3771A733AFC007FFCCB /* Base */ = {isa = PBXFileReference; lastKnownFileType = file.storyboard; name = Base; path = Base.lproj/Main.storyboard; sourceTree = "<group>"; };
		3FBED3791A733AFC007FFCCB /* Images.xcassets */ = {isa = PBXFileReference; lastKnownFileType = folder.assetcatalog; path = Images.xcassets; sourceTree = "<group>"; };
		3FBED37C1A733AFC007FFCCB /* Base */ = {isa = PBXFileReference; lastKnownFileType = file.xib; name = Base; path = Base.lproj/LaunchScreen.xib; sourceTree = "<group>"; };
		3FBED3821A733AFC007FFCCB /* Table ViewsTests.xctest */ = {isa = PBXFileReference; explicitFileType = wrapper.cfbundle; includeInIndex = 0; path = "Table ViewsTests.xctest"; sourceTree = BUILT_PRODUCTS_DIR; };
		3FBED3871A733AFC007FFCCB /* Info.plist */ = {isa = PBXFileReference; lastKnownFileType = text.plist.xml; path = Info.plist; sourceTree = "<group>"; };
		3FBED3881A733AFC007FFCCB /* Table_ViewsTests.swift */ = {isa = PBXFileReference; lastKnownFileType = sourcecode.swift; path = Table_ViewsTests.swift; sourceTree = "<group>"; };
/* End PBXFileReference section */

/* Begin PBXFrameworksBuildPhase section */
		3FBED36A1A733AFC007FFCCB /* Frameworks */ = {
			isa = PBXFrameworksBuildPhase;
			buildActionMask = 2147483647;
			files = (
			);
			runOnlyForDeploymentPostprocessing = 0;
		};
		3FBED37F1A733AFC007FFCCB /* Frameworks */ = {
			isa = PBXFrameworksBuildPhase;
			buildActionMask = 2147483647;
			files = (
			);
			runOnlyForDeploymentPostprocessing = 0;
		};
/* End PBXFrameworksBuildPhase section */

/* Begin PBXGroup section */
		3FBED3641A733AFC007FFCCB = {
			isa = PBXGroup;
			children = (
				3FBED36F1A733AFC007FFCCB /* Table Views */,
				3FBED3851A733AFC007FFCCB /* Table ViewsTests */,
				3FBED36E1A733AFC007FFCCB /* Products */,
			);
			sourceTree = "<group>";
		};
		3FBED36E1A733AFC007FFCCB /* Products */ = {
			isa = PBXGroup;
			children = (
				3FBED36D1A733AFC007FFCCB /* Table Views.app */,
				3FBED3821A733AFC007FFCCB /* Table ViewsTests.xctest */,
			);
			name = Products;
			sourceTree = "<group>";
		};
		3FBED36F1A733AFC007FFCCB /* Table Views */ = {
			isa = PBXGroup;
			children = (
				3FBED3721A733AFC007FFCCB /* AppDelegate.swift */,
				3FBED3741A733AFC007FFCCB /* ViewController.swift */,
				3FBED3761A733AFC007FFCCB /* Main.storyboard */,
				3FBED3791A733AFC007FFCCB /* Images.xcassets */,
				3FBED37B1A733AFC007FFCCB /* LaunchScreen.xib */,
				3FBED3701A733AFC007FFCCB /* Supporting Files */,
			);
			path = "Table Views";
			sourceTree = "<group>";
		};
		3FBED3701A733AFC007FFCCB /* Supporting Files */ = {
			isa = PBXGroup;
			children = (
				3FBED3711A733AFC007FFCCB /* Info.plist */,
			);
			name = "Supporting Files";
			sourceTree = "<group>";
		};
		3FBED3851A733AFC007FFCCB /* Table ViewsTests */ = {
			isa = PBXGroup;
			children = (
				3FBED3881A733AFC007FFCCB /* Table_ViewsTests.swift */,
				3FBED3861A733AFC007FFCCB /* Supporting Files */,
			);
			path = "Table ViewsTests";
			sourceTree = "<group>";
		};
		3FBED3861A733AFC007FFCCB /* Supporting Files */ = {
			isa = PBXGroup;
			children = (
				3FBED3871A733AFC007FFCCB /* Info.plist */,
			);
			name = "Supporting Files";
			sourceTree = "<group>";
		};
/* End PBXGroup section */

/* Begin PBXNativeTarget section */
		3FBED36C1A733AFC007FFCCB /* Table Views */ = {
			isa = PBXNativeTarget;
			buildConfigurationList = 3FBED38C1A733AFC007FFCCB /* Build configuration list for PBXNativeTarget "Table Views" */;
			buildPhases = (
				3FBED3691A733AFC007FFCCB /* Sources */,
				3FBED36A1A733AFC007FFCCB /* Frameworks */,
				3FBED36B1A733AFC007FFCCB /* Resources */,
			);
			buildRules = (
			);
			dependencies = (
			);
			name = "Table Views";
			productName = "Table Views";
			productReference = 3FBED36D1A733AFC007FFCCB /* Table Views.app */;
			productType = "com.apple.product-type.application";
		};
		3FBED3811A733AFC007FFCCB /* Table ViewsTests */ = {
			isa = PBXNativeTarget;
			buildConfigurationList = 3FBED38F1A733AFC007FFCCB /* Build configuration list for PBXNativeTarget "Table ViewsTests" */;
			buildPhases = (
				3FBED37E1A733AFC007FFCCB /* Sources */,
				3FBED37F1A733AFC007FFCCB /* Frameworks */,
				3FBED3801A733AFC007FFCCB /* Resources */,
			);
			buildRules = (
			);
			dependencies = (
				3FBED3841A733AFC007FFCCB /* PBXTargetDependency */,
			);
			name = "Table ViewsTests";
			productName = "Table ViewsTests";
			productReference = 3FBED3821A733AFC007FFCCB /* Table ViewsTests.xctest */;
			productType = "com.apple.product-type.bundle.unit-test";
		};
/* End PBXNativeTarget section */

/* Begin PBXProject section */
		3FBED3651A733AFC007FFCCB /* Project object */ = {
			isa = PBXProject;
			attributes = {
				LastUpgradeCheck = 0610;
				ORGANIZATIONNAME = "xipeng yang";
				TargetAttributes = {
					3FBED36C1A733AFC007FFCCB = {
						CreatedOnToolsVersion = 6.1.1;
					};
					3FBED3811A733AFC007FFCCB = {
						CreatedOnToolsVersion = 6.1.1;
						TestTargetID = 3FBED36C1A733AFC007FFCCB;
					};
				};
			};
			buildConfigurationList = 3FBED3681A733AFC007FFCCB /* Build configuration list for PBXProject "Table Views" */;
			compatibilityVersion = "Xcode 3.2";
			developmentRegion = English;
			hasScannedForEncodings = 0;
			knownRegions = (
				en,
				Base,
			);
			mainGroup = 3FBED3641A733AFC007FFCCB;
			productRefGroup = 3FBED36E1A733AFC007FFCCB /* Products */;
			projectDirPath = "";
			projectRoot = "";
			targets = (
				3FBED36C1A733AFC007FFCCB /* Table Views */,
				3FBED3811A733AFC007FFCCB /* Table ViewsTests */,
			);
		};
/* End PBXProject section */

/* Begin PBXResourcesBuildPhase section */
		3FBED36B1A733AFC007FFCCB /* Resources */ = {
			isa = PBXResourcesBuildPhase;
			buildActionMask = 2147483647;
			files = (
				3FBED3781A733AFC007FFCCB /* Main.storyboard in Resources */,
				3FBED37D1A733AFC007FFCCB /* LaunchScreen.xib in Resources */,
				3FBED37A1A733AFC007FFCCB /* Images.xcassets in Resources */,
			);
			runOnlyForDeploymentPostprocessing = 0;
		};
		3FBED3801A733AFC007FFCCB /* Resources */ = {
			isa = PBXResourcesBuildPhase;
			buildActionMask = 2147483647;
			files = (
			);
			runOnlyForDeploymentPostprocessing = 0;
		};
/* End PBXResourcesBuildPhase section */

/* Begin PBXSourcesBuildPhase section */
		3FBED3691A733AFC007FFCCB /* Sources */ = {
			isa = PBXSourcesBuildPhase;
			buildActionMask = 2147483647;
			files = (
				3FBED3751A733AFC007FFCCB /* ViewController.swift in Sources */,
				3FBED3731A733AFC007FFCCB /* AppDelegate.swift in Sources */,
			);
			runOnlyForDeploymentPostprocessing = 0;
		};
		3FBED37E1A733AFC007FFCCB /* Sources */ = {
			isa = PBXSourcesBuildPhase;
			buildActionMask = 2147483647;
			files = (
				3FBED3891A733AFC007FFCCB /* Table_ViewsTests.swift in Sources */,
			);
			runOnlyForDeploymentPostprocessing = 0;
		};
/* End PBXSourcesBuildPhase section */

/* Begin PBXTargetDependency section */
		3FBED3841A733AFC007FFCCB /* PBXTargetDependency */ = {
			isa = PBXTargetDependency;
			target = 3FBED36C1A733AFC007FFCCB /* Table Views */;
			targetProxy = 3FBED3831A733AFC007FFCCB /* PBXContainerItemProxy */;
		};
/* End PBXTargetDependency section */

/* Begin PBXVariantGroup section */
		3FBED3761A733AFC007FFCCB /* Main.storyboard */ = {
			isa = PBXVariantGroup;
			children = (
				3FBED3771A733AFC007FFCCB /* Base */,
			);
			name = Main.storyboard;
			sourceTree = "<group>";
		};
		3FBED37B1A733AFC007FFCCB /* LaunchScreen.xib */ = {
			isa = PBXVariantGroup;
			children = (
				3FBED37C1A733AFC007FFCCB /* Base */,
			);
			name = LaunchScreen.xib;
			sourceTree = "<group>";
		};
/* End PBXVariantGroup section */

/* Begin XCBuildConfiguration section */
		3FBED38A1A733AFC007FFCCB /* Debug */ = {
			isa = XCBuildConfiguration;
			buildSettings = {
				ALWAYS_SEARCH_USER_PATHS = NO;
				CLANG_CXX_LANGUAGE_STANDARD = "gnu++0x";
				CLANG_CXX_LIBRARY = "libc++";
				CLANG_ENABLE_MODULES = YES;
				CLANG_ENABLE_OBJC_ARC = YES;
				CLANG_WARN_BOOL_CONVERSION = YES;
				CLANG_WARN_CONSTANT_CONVERSION = YES;
				CLANG_WARN_DIRECT_OBJC_ISA_USAGE = YES_ERROR;
				CLANG_WARN_EMPTY_BODY = YES;
				CLANG_WARN_ENUM_CONVERSION = YES;
				CLANG_WARN_INT_CONVERSION = YES;
				CLANG_WARN_OBJC_ROOT_CLASS = YES_ERROR;
				CLANG_WARN_UNREACHABLE_CODE = YES;
				CLANG_WARN__DUPLICATE_METHOD_MATCH = YES;
				"CODE_SIGN_IDENTITY[sdk=iphoneos*]" = "iPhone Developer";
				COPY_PHASE_STRIP = NO;
				ENABLE_STRICT_OBJC_MSGSEND = YES;
				GCC_C_LANGUAGE_STANDARD = gnu99;
				GCC_DYNAMIC_NO_PIC = NO;
				GCC_OPTIMIZATION_LEVEL = 0;
				GCC_PREPROCESSOR_DEFINITIONS = (
					"DEBUG=1",
					"$(inherited)",
				);
				GCC_SYMBOLS_PRIVATE_EXTERN = NO;
				GCC_WARN_64_TO_32_BIT_CONVERSION = YES;
				GCC_WARN_ABOUT_RETURN_TYPE = YES_ERROR;
				GCC_WARN_UNDECLARED_SELECTOR = YES;
				GCC_WARN_UNINITIALIZED_AUTOS = YES_AGGRESSIVE;
				GCC_WARN_UNUSED_FUNCTION = YES;
				GCC_WARN_UNUSED_VARIABLE = YES;
				IPHONEOS_DEPLOYMENT_TARGET = 8.1;
				MTL_ENABLE_DEBUG_INFO = YES;
				ONLY_ACTIVE_ARCH = YES;
				SDKROOT = iphoneos;
				SWIFT_OPTIMIZATION_LEVEL = "-Onone";
			};
			name = Debug;
		};
		3FBED38B1A733AFC007FFCCB /* Release */ = {
			isa = XCBuildConfiguration;
			buildSettings = {
				ALWAYS_SEARCH_USER_PATHS = NO;
				CLANG_CXX_LANGUAGE_STANDARD = "gnu++0x";
				CLANG_CXX_LIBRARY = "libc++";
				CLANG_ENABLE_MODULES = YES;
				CLANG_ENABLE_OBJC_ARC = YES;
				CLANG_WARN_BOOL_CONVERSION = YES;
				CLANG_WARN_CONSTANT_CONVERSION = YES;
				CLANG_WARN_DIRECT_OBJC_ISA_USAGE = YES_ERROR;
				CLANG_WARN_EMPTY_BODY = YES;
				CLANG_WARN_ENUM_CONVERSION = YES;
				CLANG_WARN_INT_CONVERSION = YES;
				CLANG_WARN_OBJC_ROOT_CLASS = YES_ERROR;
				CLANG_WARN_UNREACHABLE_CODE = YES;
				CLANG_WARN__DUPLICATE_METHOD_MATCH = YES;
				"CODE_SIGN_IDENTITY[sdk=iphoneos*]" = "iPhone Developer";
				COPY_PHASE_STRIP = YES;
				ENABLE_NS_ASSERTIONS = NO;
				ENABLE_STRICT_OBJC_MSGSEND = YES;
				GCC_C_LANGUAGE_STANDARD = gnu99;
				GCC_WARN_64_TO_32_BIT_CONVERSION = YES;
				GCC_WARN_ABOUT_RETURN_TYPE = YES_ERROR;
				GCC_WARN_UNDECLARED_SELECTOR = YES;
				GCC_WARN_UNINITIALIZED_AUTOS = YES_AGGRESSIVE;
				GCC_WARN_UNUSED_FUNCTION = YES;
				GCC_WARN_UNUSED_VARIABLE = YES;
				IPHONEOS_DEPLOYMENT_TARGET = 8.1;
				MTL_ENABLE_DEBUG_INFO = NO;
				SDKROOT = iphoneos;
				VALIDATE_PRODUCT = YES;
			};
			name = Release;
		};
		3FBED38D1A733AFC007FFCCB /* Debug */ = {
			isa = XCBuildConfiguration;
			buildSettings = {
				ASSETCATALOG_COMPILER_APPICON_NAME = AppIcon;
				INFOPLIST_FILE = "Table Views/Info.plist";
				LD_RUNPATH_SEARCH_PATHS = "$(inherited) @executable_path/Frameworks";
				PRODUCT_NAME = "$(TARGET_NAME)";
			};
			name = Debug;
		};
		3FBED38E1A733AFC007FFCCB /* Release */ = {
			isa = XCBuildConfiguration;
			buildSettings = {
				ASSETCATALOG_COMPILER_APPICON_NAME = AppIcon;
				INFOPLIST_FILE = "Table Views/Info.plist";
				LD_RUNPATH_SEARCH_PATHS = "$(inherited) @executable_path/Frameworks";
				PRODUCT_NAME = "$(TARGET_NAME)";
			};
			name = Release;
		};
		3FBED3901A733AFC007FFCCB /* Debug */ = {
			isa = XCBuildConfiguration;
			buildSettings = {
				BUNDLE_LOADER = "$(TEST_HOST)";
				FRAMEWORK_SEARCH_PATHS = (
					"$(SDKROOT)/Developer/Library/Frameworks",
					"$(inherited)",
				);
				GCC_PREPROCESSOR_DEFINITIONS = (
					"DEBUG=1",
					"$(inherited)",
				);
				INFOPLIST_FILE = "Table ViewsTests/Info.plist";
				LD_RUNPATH_SEARCH_PATHS = "$(inherited) @executable_path/Frameworks @loader_path/Frameworks";
				PRODUCT_NAME = "$(TARGET_NAME)";
				TEST_HOST = "$(BUILT_PRODUCTS_DIR)/Table Views.app/Table Views";
			};
			name = Debug;
		};
		3FBED3911A733AFC007FFCCB /* Release */ = {
			isa = XCBuildConfiguration;
			buildSettings = {
				BUNDLE_LOADER = "$(TEST_HOST)";
				FRAMEWORK_SEARCH_PATHS = (
					"$(SDKROOT)/Developer/Library/Frameworks",
					"$(inherited)",
				);
				INFOPLIST_FILE = "Table ViewsTests/Info.plist";
				LD_RUNPATH_SEARCH_PATHS = "$(inherited) @executable_path/Frameworks @loader_path/Frameworks";
				PRODUCT_NAME = "$(TARGET_NAME)";
				TEST_HOST = "$(BUILT_PRODUCTS_DIR)/Table Views.app/Table Views";
			};
			name = Release;
		};
/* End XCBuildConfiguration section */

/* Begin XCConfigurationList section */
		3FBED3681A733AFC007FFCCB /* Build configuration list for PBXProject "Table Views" */ = {
			isa = XCConfigurationList;
			buildConfigurations = (
				3FBED38A1A733AFC007FFCCB /* Debug */,
				3FBED38B1A733AFC007FFCCB /* Release */,
			);
			defaultConfigurationIsVisible = 0;
			defaultConfigurationName = Release;
		};
		3FBED38C1A733AFC007FFCCB /* Build configuration list for PBXNativeTarget "Table Views" */ = {
			isa = XCConfigurationList;
			buildConfigurations = (
				3FBED38D1A733AFC007FFCCB /* Debug */,
				3FBED38E1A733AFC007FFCCB /* Release */,
			);
			defaultConfigurationIsVisible = 0;
		};
		3FBED38F1A733AFC007FFCCB /* Build configuration list for PBXNativeTarget "Table ViewsTests" */ = {
			isa = XCConfigurationList;
			buildConfigurations = (
				3FBED3901A733AFC007FFCCB /* Debug */,
				3FBED3911A733AFC007FFCCB /* Release */,
			);
			defaultConfigurationIsVisible = 0;
		};
/* End XCConfigurationList section */
	};
	rootObject = 3FBED3651A733AFC007FFCCB /* Project object */;
}
