// !$*UTF8*$!
{
	archiveVersion = 1;
	classes = {
	};
	objectVersion = 46;
	objects = {

/* Begin PBXBuildFile section */
		3FBED3CF1A779FCB007FFCCB /* AppDelegate.swift in Sources */ = {isa = PBXBuildFile; fileRef = 3FBED3CE1A779FCB007FFCCB /* AppDelegate.swift */; };
		3FBED3D21A779FCB007FFCCB /* TODO_App.xcdatamodeld in Sources */ = {isa = PBXBuildFile; fileRef = 3FBED3D01A779FCB007FFCCB /* TODO_App.xcdatamodeld */; };
		3FBED3D41A779FCB007FFCCB /* ViewController.swift in Sources */ = {isa = PBXBuildFile; fileRef = 3FBED3D31A779FCB007FFCCB /* ViewController.swift */; };
		3FBED3D71A779FCB007FFCCB /* Main.storyboard in Resources */ = {isa = PBXBuildFile; fileRef = 3FBED3D51A779FCB007FFCCB /* Main.storyboard */; };
		3FBED3D91A779FCB007FFCCB /* Images.xcassets in Resources */ = {isa = PBXBuildFile; fileRef = 3FBED3D81A779FCB007FFCCB /* Images.xcassets */; };
		3FBED3DC1A779FCB007FFCCB /* LaunchScreen.xib in Resources */ = {isa = PBXBuildFile; fileRef = 3FBED3DA1A779FCB007FFCCB /* LaunchScreen.xib */; };
		3FBED3E81A779FCC007FFCCB /* TODO_AppTests.swift in Sources */ = {isa = PBXBuildFile; fileRef = 3FBED3E71A779FCC007FFCCB /* TODO_AppTests.swift */; };
/* End PBXBuildFile section */

/* Begin PBXContainerItemProxy section */
		3FBED3E21A779FCC007FFCCB /* PBXContainerItemProxy */ = {
			isa = PBXContainerItemProxy;
			containerPortal = 3FBED3C11A779FCB007FFCCB /* Project object */;
			proxyType = 1;
			remoteGlobalIDString = 3FBED3C81A779FCB007FFCCB;
			remoteInfo = "TODO App";
		};
/* End PBXContainerItemProxy section */

/* Begin PBXFileReference section */
		3FBED3C91A779FCB007FFCCB /* TODO App.app */ = {isa = PBXFileReference; explicitFileType = wrapper.application; includeInIndex = 0; path = "TODO App.app"; sourceTree = BUILT_PRODUCTS_DIR; };
		3FBED3CD1A779FCB007FFCCB /* Info.plist */ = {isa = PBXFileReference; lastKnownFileType = text.plist.xml; path = Info.plist; sourceTree = "<group>"; };
		3FBED3CE1A779FCB007FFCCB /* AppDelegate.swift */ = {isa = PBXFileReference; lastKnownFileType = sourcecode.swift; path = AppDelegate.swift; sourceTree = "<group>"; };
		3FBED3D11A779FCB007FFCCB /* TODO_App.xcdatamodel */ = {isa = PBXFileReference; lastKnownFileType = wrapper.xcdatamodel; path = TODO_App.xcdatamodel; sourceTree = "<group>"; };
		3FBED3D31A779FCB007FFCCB /* ViewController.swift */ = {isa = PBXFileReference; lastKnownFileType = sourcecode.swift; path = ViewController.swift; sourceTree = "<group>"; };
		3FBED3D61A779FCB007FFCCB /* Base */ = {isa = PBXFileReference; lastKnownFileType = file.storyboard; name = Base; path = Base.lproj/Main.storyboard; sourceTree = "<group>"; };
		3FBED3D81A779FCB007FFCCB /* Images.xcassets */ = {isa = PBXFileReference; lastKnownFileType = folder.assetcatalog; path = Images.xcassets; sourceTree = "<group>"; };
		3FBED3DB1A779FCB007FFCCB /* Base */ = {isa = PBXFileReference; lastKnownFileType = file.xib; name = Base; path = Base.lproj/LaunchScreen.xib; sourceTree = "<group>"; };
		3FBED3E11A779FCC007FFCCB /* TODO AppTests.xctest */ = {isa = PBXFileReference; explicitFileType = wrapper.cfbundle; includeInIndex = 0; path = "TODO AppTests.xctest"; sourceTree = BUILT_PRODUCTS_DIR; };
		3FBED3E61A779FCC007FFCCB /* Info.plist */ = {isa = PBXFileReference; lastKnownFileType = text.plist.xml; path = Info.plist; sourceTree = "<group>"; };
		3FBED3E71A779FCC007FFCCB /* TODO_AppTests.swift */ = {isa = PBXFileReference; lastKnownFileType = sourcecode.swift; path = TODO_AppTests.swift; sourceTree = "<group>"; };
/* End PBXFileReference section */

/* Begin PBXFrameworksBuildPhase section */
		3FBED3C61A779FCB007FFCCB /* Frameworks */ = {
			isa = PBXFrameworksBuildPhase;
			buildActionMask = 2147483647;
			files = (
			);
			runOnlyForDeploymentPostprocessing = 0;
		};
		3FBED3DE1A779FCC007FFCCB /* Frameworks */ = {
			isa = PBXFrameworksBuildPhase;
			buildActionMask = 2147483647;
			files = (
			);
			runOnlyForDeploymentPostprocessing = 0;
		};
/* End PBXFrameworksBuildPhase section */

/* Begin PBXGroup section */
		3FBED3C01A779FCB007FFCCB = {
			isa = PBXGroup;
			children = (
				3FBED3CB1A779FCB007FFCCB /* TODO App */,
				3FBED3E41A779FCC007FFCCB /* TODO AppTests */,
				3FBED3CA1A779FCB007FFCCB /* Products */,
			);
			sourceTree = "<group>";
		};
		3FBED3CA1A779FCB007FFCCB /* Products */ = {
			isa = PBXGroup;
			children = (
				3FBED3C91A779FCB007FFCCB /* TODO App.app */,
				3FBED3E11A779FCC007FFCCB /* TODO AppTests.xctest */,
			);
			name = Products;
			sourceTree = "<group>";
		};
		3FBED3CB1A779FCB007FFCCB /* TODO App */ = {
			isa = PBXGroup;
			children = (
				3FBED3CE1A779FCB007FFCCB /* AppDelegate.swift */,
				3FBED3D31A779FCB007FFCCB /* ViewController.swift */,
				3FBED3D51A779FCB007FFCCB /* Main.storyboard */,
				3FBED3D81A779FCB007FFCCB /* Images.xcassets */,
				3FBED3DA1A779FCB007FFCCB /* LaunchScreen.xib */,
				3FBED3D01A779FCB007FFCCB /* TODO_App.xcdatamodeld */,
				3FBED3CC1A779FCB007FFCCB /* Supporting Files */,
			);
			path = "TODO App";
			sourceTree = "<group>";
		};
		3FBED3CC1A779FCB007FFCCB /* Supporting Files */ = {
			isa = PBXGroup;
			children = (
				3FBED3CD1A779FCB007FFCCB /* Info.plist */,
			);
			name = "Supporting Files";
			sourceTree = "<group>";
		};
		3FBED3E41A779FCC007FFCCB /* TODO AppTests */ = {
			isa = PBXGroup;
			children = (
				3FBED3E71A779FCC007FFCCB /* TODO_AppTests.swift */,
				3FBED3E51A779FCC007FFCCB /* Supporting Files */,
			);
			path = "TODO AppTests";
			sourceTree = "<group>";
		};
		3FBED3E51A779FCC007FFCCB /* Supporting Files */ = {
			isa = PBXGroup;
			children = (
				3FBED3E61A779FCC007FFCCB /* Info.plist */,
			);
			name = "Supporting Files";
			sourceTree = "<group>";
		};
/* End PBXGroup section */

/* Begin PBXNativeTarget section */
		3FBED3C81A779FCB007FFCCB /* TODO App */ = {
			isa = PBXNativeTarget;
			buildConfigurationList = 3FBED3EB1A779FCC007FFCCB /* Build configuration list for PBXNativeTarget "TODO App" */;
			buildPhases = (
				3FBED3C51A779FCB007FFCCB /* Sources */,
				3FBED3C61A779FCB007FFCCB /* Frameworks */,
				3FBED3C71A779FCB007FFCCB /* Resources */,
			);
			buildRules = (
			);
			dependencies = (
			);
			name = "TODO App";
			productName = "TODO App";
			productReference = 3FBED3C91A779FCB007FFCCB /* TODO App.app */;
			productType = "com.apple.product-type.application";
		};
		3FBED3E01A779FCC007FFCCB /* TODO AppTests */ = {
			isa = PBXNativeTarget;
			buildConfigurationList = 3FBED3EE1A779FCC007FFCCB /* Build configuration list for PBXNativeTarget "TODO AppTests" */;
			buildPhases = (
				3FBED3DD1A779FCC007FFCCB /* Sources */,
				3FBED3DE1A779FCC007FFCCB /* Frameworks */,
				3FBED3DF1A779FCC007FFCCB /* Resources */,
			);
			buildRules = (
			);
			dependencies = (
				3FBED3E31A779FCC007FFCCB /* PBXTargetDependency */,
			);
			name = "TODO AppTests";
			productName = "TODO AppTests";
			productReference = 3FBED3E11A779FCC007FFCCB /* TODO AppTests.xctest */;
			productType = "com.apple.product-type.bundle.unit-test";
		};
/* End PBXNativeTarget section */

/* Begin PBXProject section */
		3FBED3C11A779FCB007FFCCB /* Project object */ = {
			isa = PBXProject;
			attributes = {
				LastUpgradeCheck = 0610;
				ORGANIZATIONNAME = "xipeng yang";
				TargetAttributes = {
					3FBED3C81A779FCB007FFCCB = {
						CreatedOnToolsVersion = 6.1.1;
					};
					3FBED3E01A779FCC007FFCCB = {
						CreatedOnToolsVersion = 6.1.1;
						TestTargetID = 3FBED3C81A779FCB007FFCCB;
					};
				};
			};
			buildConfigurationList = 3FBED3C41A779FCB007FFCCB /* Build configuration list for PBXProject "TODO App" */;
			compatibilityVersion = "Xcode 3.2";
			developmentRegion = English;
			hasScannedForEncodings = 0;
			knownRegions = (
				en,
				Base,
			);
			mainGroup = 3FBED3C01A779FCB007FFCCB;
			productRefGroup = 3FBED3CA1A779FCB007FFCCB /* Products */;
			projectDirPath = "";
			projectRoot = "";
			targets = (
				3FBED3C81A779FCB007FFCCB /* TODO App */,
				3FBED3E01A779FCC007FFCCB /* TODO AppTests */,
			);
		};
/* End PBXProject section */

/* Begin PBXResourcesBuildPhase section */
		3FBED3C71A779FCB007FFCCB /* Resources */ = {
			isa = PBXResourcesBuildPhase;
			buildActionMask = 2147483647;
			files = (
				3FBED3D71A779FCB007FFCCB /* Main.storyboard in Resources */,
				3FBED3DC1A779FCB007FFCCB /* LaunchScreen.xib in Resources */,
				3FBED3D91A779FCB007FFCCB /* Images.xcassets in Resources */,
			);
			runOnlyForDeploymentPostprocessing = 0;
		};
		3FBED3DF1A779FCC007FFCCB /* Resources */ = {
			isa = PBXResourcesBuildPhase;
			buildActionMask = 2147483647;
			files = (
			);
			runOnlyForDeploymentPostprocessing = 0;
		};
/* End PBXResourcesBuildPhase section */

/* Begin PBXSourcesBuildPhase section */
		3FBED3C51A779FCB007FFCCB /* Sources */ = {
			isa = PBXSourcesBuildPhase;
			buildActionMask = 2147483647;
			files = (
				3FBED3D41A779FCB007FFCCB /* ViewController.swift in Sources */,
				3FBED3CF1A779FCB007FFCCB /* AppDelegate.swift in Sources */,
				3FBED3D21A779FCB007FFCCB /* TODO_App.xcdatamodeld in Sources */,
			);
			runOnlyForDeploymentPostprocessing = 0;
		};
		3FBED3DD1A779FCC007FFCCB /* Sources */ = {
			isa = PBXSourcesBuildPhase;
			buildActionMask = 2147483647;
			files = (
				3FBED3E81A779FCC007FFCCB /* TODO_AppTests.swift in Sources */,
			);
			runOnlyForDeploymentPostprocessing = 0;
		};
/* End PBXSourcesBuildPhase section */

/* Begin PBXTargetDependency section */
		3FBED3E31A779FCC007FFCCB /* PBXTargetDependency */ = {
			isa = PBXTargetDependency;
			target = 3FBED3C81A779FCB007FFCCB /* TODO App */;
			targetProxy = 3FBED3E21A779FCC007FFCCB /* PBXContainerItemProxy */;
		};
/* End PBXTargetDependency section */

/* Begin PBXVariantGroup section */
		3FBED3D51A779FCB007FFCCB /* Main.storyboard */ = {
			isa = PBXVariantGroup;
			children = (
				3FBED3D61A779FCB007FFCCB /* Base */,
			);
			name = Main.storyboard;
			sourceTree = "<group>";
		};
		3FBED3DA1A779FCB007FFCCB /* LaunchScreen.xib */ = {
			isa = PBXVariantGroup;
			children = (
				3FBED3DB1A779FCB007FFCCB /* Base */,
			);
			name = LaunchScreen.xib;
			sourceTree = "<group>";
		};
/* End PBXVariantGroup section */

/* Begin XCBuildConfiguration section */
		3FBED3E91A779FCC007FFCCB /* Debug */ = {
			isa = XCBuildConfiguration;
			buildSettings = {
				ALWAYS_SEARCH_USER_PATHS = NO;
				CLANG_CXX_LANGUAGE_STANDARD = "gnu++0x";
				CLANG_CXX_LIBRARY = "libc++";
				CLANG_ENABLE_MODULES = YES;
				CLANG_ENABLE_OBJC_ARC = YES;
				CLANG_WARN_BOOL_CONVERSION = YES;
				CLANG_WARN_CONSTANT_CONVERSION = YES;
				CLANG_WARN_DIRECT_OBJC_ISA_USAGE = YES_ERROR;
				CLANG_WARN_EMPTY_BODY = YES;
				CLANG_WARN_ENUM_CONVERSION = YES;
				CLANG_WARN_INT_CONVERSION = YES;
				CLANG_WARN_OBJC_ROOT_CLASS = YES_ERROR;
				CLANG_WARN_UNREACHABLE_CODE = YES;
				CLANG_WARN__DUPLICATE_METHOD_MATCH = YES;
				"CODE_SIGN_IDENTITY[sdk=iphoneos*]" = "iPhone Developer";
				COPY_PHASE_STRIP = NO;
				ENABLE_STRICT_OBJC_MSGSEND = YES;
				GCC_C_LANGUAGE_STANDARD = gnu99;
				GCC_DYNAMIC_NO_PIC = NO;
				GCC_OPTIMIZATION_LEVEL = 0;
				GCC_PREPROCESSOR_DEFINITIONS = (
					"DEBUG=1",
					"$(inherited)",
				);
				GCC_SYMBOLS_PRIVATE_EXTERN = NO;
				GCC_WARN_64_TO_32_BIT_CONVERSION = YES;
				GCC_WARN_ABOUT_RETURN_TYPE = YES_ERROR;
				GCC_WARN_UNDECLARED_SELECTOR = YES;
				GCC_WARN_UNINITIALIZED_AUTOS = YES_AGGRESSIVE;
				GCC_WARN_UNUSED_FUNCTION = YES;
				GCC_WARN_UNUSED_VARIABLE = YES;
				IPHONEOS_DEPLOYMENT_TARGET = 8.1;
				MTL_ENABLE_DEBUG_INFO = YES;
				ONLY_ACTIVE_ARCH = YES;
				SDKROOT = iphoneos;
				SWIFT_OPTIMIZATION_LEVEL = "-Onone";
			};
			name = Debug;
		};
		3FBED3EA1A779FCC007FFCCB /* Release */ = {
			isa = XCBuildConfiguration;
			buildSettings = {
				ALWAYS_SEARCH_USER_PATHS = NO;
				CLANG_CXX_LANGUAGE_STANDARD = "gnu++0x";
				CLANG_CXX_LIBRARY = "libc++";
				CLANG_ENABLE_MODULES = YES;
				CLANG_ENABLE_OBJC_ARC = YES;
				CLANG_WARN_BOOL_CONVERSION = YES;
				CLANG_WARN_CONSTANT_CONVERSION = YES;
				CLANG_WARN_DIRECT_OBJC_ISA_USAGE = YES_ERROR;
				CLANG_WARN_EMPTY_BODY = YES;
				CLANG_WARN_ENUM_CONVERSION = YES;
				CLANG_WARN_INT_CONVERSION = YES;
				CLANG_WARN_OBJC_ROOT_CLASS = YES_ERROR;
				CLANG_WARN_UNREACHABLE_CODE = YES;
				CLANG_WARN__DUPLICATE_METHOD_MATCH = YES;
				"CODE_SIGN_IDENTITY[sdk=iphoneos*]" = "iPhone Developer";
				COPY_PHASE_STRIP = YES;
				ENABLE_NS_ASSERTIONS = NO;
				ENABLE_STRICT_OBJC_MSGSEND = YES;
				GCC_C_LANGUAGE_STANDARD = gnu99;
				GCC_WARN_64_TO_32_BIT_CONVERSION = YES;
				GCC_WARN_ABOUT_RETURN_TYPE = YES_ERROR;
				GCC_WARN_UNDECLARED_SELECTOR = YES;
				GCC_WARN_UNINITIALIZED_AUTOS = YES_AGGRESSIVE;
				GCC_WARN_UNUSED_FUNCTION = YES;
				GCC_WARN_UNUSED_VARIABLE = YES;
				IPHONEOS_DEPLOYMENT_TARGET = 8.1;
				MTL_ENABLE_DEBUG_INFO = NO;
				SDKROOT = iphoneos;
				VALIDATE_PRODUCT = YES;
			};
			name = Release;
		};
		3FBED3EC1A779FCC007FFCCB /* Debug */ = {
			isa = XCBuildConfiguration;
			buildSettings = {
				ASSETCATALOG_COMPILER_APPICON_NAME = AppIcon;
				INFOPLIST_FILE = "TODO App/Info.plist";
				LD_RUNPATH_SEARCH_PATHS = "$(inherited) @executable_path/Frameworks";
				PRODUCT_NAME = "$(TARGET_NAME)";
			};
			name = Debug;
		};
		3FBED3ED1A779FCC007FFCCB /* Release */ = {
			isa = XCBuildConfiguration;
			buildSettings = {
				ASSETCATALOG_COMPILER_APPICON_NAME = AppIcon;
				INFOPLIST_FILE = "TODO App/Info.plist";
				LD_RUNPATH_SEARCH_PATHS = "$(inherited) @executable_path/Frameworks";
				PRODUCT_NAME = "$(TARGET_NAME)";
			};
			name = Release;
		};
		3FBED3EF1A779FCC007FFCCB /* Debug */ = {
			isa = XCBuildConfiguration;
			buildSettings = {
				BUNDLE_LOADER = "$(TEST_HOST)";
				FRAMEWORK_SEARCH_PATHS = (
					"$(SDKROOT)/Developer/Library/Frameworks",
					"$(inherited)",
				);
				GCC_PREPROCESSOR_DEFINITIONS = (
					"DEBUG=1",
					"$(inherited)",
				);
				INFOPLIST_FILE = "TODO AppTests/Info.plist";
				LD_RUNPATH_SEARCH_PATHS = "$(inherited) @executable_path/Frameworks @loader_path/Frameworks";
				PRODUCT_NAME = "$(TARGET_NAME)";
				TEST_HOST = "$(BUILT_PRODUCTS_DIR)/TODO App.app/TODO App";
			};
			name = Debug;
		};
		3FBED3F01A779FCC007FFCCB /* Release */ = {
			isa = XCBuildConfiguration;
			buildSettings = {
				BUNDLE_LOADER = "$(TEST_HOST)";
				FRAMEWORK_SEARCH_PATHS = (
					"$(SDKROOT)/Developer/Library/Frameworks",
					"$(inherited)",
				);
				INFOPLIST_FILE = "TODO AppTests/Info.plist";
				LD_RUNPATH_SEARCH_PATHS = "$(inherited) @executable_path/Frameworks @loader_path/Frameworks";
				PRODUCT_NAME = "$(TARGET_NAME)";
				TEST_HOST = "$(BUILT_PRODUCTS_DIR)/TODO App.app/TODO App";
			};
			name = Release;
		};
/* End XCBuildConfiguration section */

/* Begin XCConfigurationList section */
		3FBED3C41A779FCB007FFCCB /* Build configuration list for PBXProject "TODO App" */ = {
			isa = XCConfigurationList;
			buildConfigurations = (
				3FBED3E91A779FCC007FFCCB /* Debug */,
				3FBED3EA1A779FCC007FFCCB /* Release */,
			);
			defaultConfigurationIsVisible = 0;
			defaultConfigurationName = Release;
		};
		3FBED3EB1A779FCC007FFCCB /* Build configuration list for PBXNativeTarget "TODO App" */ = {
			isa = XCConfigurationList;
			buildConfigurations = (
				3FBED3EC1A779FCC007FFCCB /* Debug */,
				3FBED3ED1A779FCC007FFCCB /* Release */,
			);
			defaultConfigurationIsVisible = 0;
		};
		3FBED3EE1A779FCC007FFCCB /* Build configuration list for PBXNativeTarget "TODO AppTests" */ = {
			isa = XCConfigurationList;
			buildConfigurations = (
				3FBED3EF1A779FCC007FFCCB /* Debug */,
				3FBED3F01A779FCC007FFCCB /* Release */,
			);
			defaultConfigurationIsVisible = 0;
		};
/* End XCConfigurationList section */

/* Begin XCVersionGroup section */
		3FBED3D01A779FCB007FFCCB /* TODO_App.xcdatamodeld */ = {
			isa = XCVersionGroup;
			children = (
				3FBED3D11A779FCB007FFCCB /* TODO_App.xcdatamodel */,
			);
			currentVersion = 3FBED3D11A779FCB007FFCCB /* TODO_App.xcdatamodel */;
			path = TODO_App.xcdatamodeld;
			sourceTree = "<group>";
			versionGroupType = wrapper.xcdatamodel;
		};
/* End XCVersionGroup section */
	};
	rootObject = 3FBED3C11A779FCB007FFCCB /* Project object */;
}
