// !$*UTF8*$!
{
	archiveVersion = 1;
	classes = {
	};
	objectVersion = 46;
	objects = {

/* Begin PBXBuildFile section */
		3F0DB1A51AB53D09006C43A3 /* AddProductViewController.swift in Sources */ = {isa = PBXBuildFile; fileRef = 3F0DB18D1AB53D09006C43A3 /* AddProductViewController.swift */; };
		3F0DB1A81AB53D09006C43A3 /* EditStockViewController.swift in Sources */ = {isa = PBXBuildFile; fileRef = 3F0DB1931AB53D09006C43A3 /* EditStockViewController.swift */; };
		3F0DB1AC1AB53D09006C43A3 /* OrderProductCellTableViewCell.swift in Sources */ = {isa = PBXBuildFile; fileRef = 3F0DB1991AB53D09006C43A3 /* OrderProductCellTableViewCell.swift */; };
		3F0DB1AD1AB53D09006C43A3 /* OrderProductTableCell.swift in Sources */ = {isa = PBXBuildFile; fileRef = 3F0DB19A1AB53D09006C43A3 /* OrderProductTableCell.swift */; };
		3F0DB1AE1AB53D09006C43A3 /* ProductViewController.swift in Sources */ = {isa = PBXBuildFile; fileRef = 3F0DB19B1AB53D09006C43A3 /* ProductViewController.swift */; };
		3F0DB1AF1AB53D09006C43A3 /* StockD.swift in Sources */ = {isa = PBXBuildFile; fileRef = 3F0DB19C1AB53D09006C43A3 /* StockD.swift */; };
		3F0DB1B11AB53D09006C43A3 /* WeChatActivityGeneral.swift in Sources */ = {isa = PBXBuildFile; fileRef = 3F0DB1A01AB53D09006C43A3 /* WeChatActivityGeneral.swift */; };
		3F0DB1B21AB53D09006C43A3 /* WeChatMomentsActivity.swift in Sources */ = {isa = PBXBuildFile; fileRef = 3F0DB1A11AB53D09006C43A3 /* WeChatMomentsActivity.swift */; };
		3F0DB1B31AB53D09006C43A3 /* WeChatSessionActivity.swift in Sources */ = {isa = PBXBuildFile; fileRef = 3F0DB1A21AB53D09006C43A3 /* WeChatSessionActivity.swift */; };
		3F120AC61A89F03E005C4DA2 /* we_sale_assistant.xcdatamodeld in Sources */ = {isa = PBXBuildFile; fileRef = 3F120AC41A89F03E005C4DA2 /* we_sale_assistant.xcdatamodeld */; };
		3F24CBB21A85904E00902C39 /* AddPersonViewController.swift in Sources */ = {isa = PBXBuildFile; fileRef = 3F24CBB11A85904E00902C39 /* AddPersonViewController.swift */; };
		3F24CBB41A85F4B100902C39 /* PersonDetailViewController.swift in Sources */ = {isa = PBXBuildFile; fileRef = 3F24CBB31A85F4B100902C39 /* PersonDetailViewController.swift */; };
		3F24CBB61A86194600902C39 /* OrderDao.swift in Sources */ = {isa = PBXBuildFile; fileRef = 3F24CBB51A86194600902C39 /* OrderDao.swift */; };
		3F24CBB81A86224A00902C39 /* AddOrderViewController.swift in Sources */ = {isa = PBXBuildFile; fileRef = 3F24CBB71A86224A00902C39 /* AddOrderViewController.swift */; };
		3F24CBBA1A86FF3600902C39 /* ProductDao.swift in Sources */ = {isa = PBXBuildFile; fileRef = 3F24CBB91A86FF3600902C39 /* ProductDao.swift */; };
		3F24CBBC1A870EAC00902C39 /* CustomerSearchController.swift in Sources */ = {isa = PBXBuildFile; fileRef = 3F24CBBB1A870EAC00902C39 /* CustomerSearchController.swift */; };
		3F4EE6CA1A84A31200636386 /* AppDelegate.swift in Sources */ = {isa = PBXBuildFile; fileRef = 3F4EE6C91A84A31200636386 /* AppDelegate.swift */; };
		3F4EE6CC1A84A31200636386 /* FirstViewController.swift in Sources */ = {isa = PBXBuildFile; fileRef = 3F4EE6CB1A84A31200636386 /* FirstViewController.swift */; };
		3F4EE6CE1A84A31200636386 /* SecondViewController.swift in Sources */ = {isa = PBXBuildFile; fileRef = 3F4EE6CD1A84A31200636386 /* SecondViewController.swift */; };
		3F4EE6D11A84A31200636386 /* Main.storyboard in Resources */ = {isa = PBXBuildFile; fileRef = 3F4EE6CF1A84A31200636386 /* Main.storyboard */; };
		3F4EE6D31A84A31200636386 /* Images.xcassets in Resources */ = {isa = PBXBuildFile; fileRef = 3F4EE6D21A84A31200636386 /* Images.xcassets */; };
		3F4EE6D61A84A31200636386 /* LaunchScreen.xib in Resources */ = {isa = PBXBuildFile; fileRef = 3F4EE6D41A84A31200636386 /* LaunchScreen.xib */; };
		3F4EE6E21A84A31200636386 /* we_sale_assistantTests.swift in Sources */ = {isa = PBXBuildFile; fileRef = 3F4EE6E11A84A31200636386 /* we_sale_assistantTests.swift */; };
		3F4EE6EC1A84B93200636386 /* PersonDao.swift in Sources */ = {isa = PBXBuildFile; fileRef = 3F4EE6EB1A84B93200636386 /* PersonDao.swift */; };
		3F724EE01A99B08D00CF77BF /* OrderProductCell.swift in Sources */ = {isa = PBXBuildFile; fileRef = 3F724EDF1A99B08D00CF77BF /* OrderProductCell.swift */; };
		3F724EE21A99C04900CF77BF /* OrderCell.swift in Sources */ = {isa = PBXBuildFile; fileRef = 3F724EE11A99C04900CF77BF /* OrderCell.swift */; };
		3F77E19D1A98764E004AC946 /* ProductD.swift in Sources */ = {isa = PBXBuildFile; fileRef = 3F77E19C1A98764E004AC946 /* ProductD.swift */; };
		3F77E19F1A98764F004AC946 /* Person.swift in Sources */ = {isa = PBXBuildFile; fileRef = 3F77E19E1A98764F004AC946 /* Person.swift */; };
		3F77E1A11A98764F004AC946 /* OrderD.swift in Sources */ = {isa = PBXBuildFile; fileRef = 3F77E1A01A98764F004AC946 /* OrderD.swift */; };
		3FC450461AB563E500838E8F /* libWeChatSDK.a in Frameworks */ = {isa = PBXBuildFile; fileRef = 3FC4502F1AB563D600838E8F /* libWeChatSDK.a */; };
		3FC450481AB5732800838E8F /* String.swift in Sources */ = {isa = PBXBuildFile; fileRef = 3FC450471AB5732700838E8F /* String.swift */; };
		3FE7B48F1A90813E005F42D4 /* CoreDataHelper.swift in Sources */ = {isa = PBXBuildFile; fileRef = 3FE7B48E1A90813E005F42D4 /* CoreDataHelper.swift */; };
/* End PBXBuildFile section */

/* Begin PBXContainerItemProxy section */
		3F4EE6DC1A84A31200636386 /* PBXContainerItemProxy */ = {
			isa = PBXContainerItemProxy;
			containerPortal = 3F4EE6BC1A84A31200636386 /* Project object */;
			proxyType = 1;
			remoteGlobalIDString = 3F4EE6C31A84A31200636386;
			remoteInfo = "we sale assistant";
		};
/* End PBXContainerItemProxy section */

/* Begin PBXFileReference section */
		3F0DB18D1AB53D09006C43A3 /* AddProductViewController.swift */ = {isa = PBXFileReference; fileEncoding = 4; lastKnownFileType = sourcecode.swift; path = AddProductViewController.swift; sourceTree = "<group>"; };
		3F0DB1931AB53D09006C43A3 /* EditStockViewController.swift */ = {isa = PBXFileReference; fileEncoding = 4; lastKnownFileType = sourcecode.swift; path = EditStockViewController.swift; sourceTree = "<group>"; };
		3F0DB1991AB53D09006C43A3 /* OrderProductCellTableViewCell.swift */ = {isa = PBXFileReference; fileEncoding = 4; lastKnownFileType = sourcecode.swift; path = OrderProductCellTableViewCell.swift; sourceTree = "<group>"; };
		3F0DB19A1AB53D09006C43A3 /* OrderProductTableCell.swift */ = {isa = PBXFileReference; fileEncoding = 4; lastKnownFileType = sourcecode.swift; path = OrderProductTableCell.swift; sourceTree = "<group>"; };
		3F0DB19B1AB53D09006C43A3 /* ProductViewController.swift */ = {isa = PBXFileReference; fileEncoding = 4; lastKnownFileType = sourcecode.swift; path = ProductViewController.swift; sourceTree = "<group>"; };
		3F0DB19C1AB53D09006C43A3 /* StockD.swift */ = {isa = PBXFileReference; fileEncoding = 4; lastKnownFileType = sourcecode.swift; path = StockD.swift; sourceTree = "<group>"; };
		3F0DB1A01AB53D09006C43A3 /* WeChatActivityGeneral.swift */ = {isa = PBXFileReference; fileEncoding = 4; lastKnownFileType = sourcecode.swift; path = WeChatActivityGeneral.swift; sourceTree = "<group>"; };
		3F0DB1A11AB53D09006C43A3 /* WeChatMomentsActivity.swift */ = {isa = PBXFileReference; fileEncoding = 4; lastKnownFileType = sourcecode.swift; path = WeChatMomentsActivity.swift; sourceTree = "<group>"; };
		3F0DB1A21AB53D09006C43A3 /* WeChatSessionActivity.swift */ = {isa = PBXFileReference; fileEncoding = 4; lastKnownFileType = sourcecode.swift; path = WeChatSessionActivity.swift; sourceTree = "<group>"; };
		3F0DB1A31AB53D09006C43A3 /* WXApi.h */ = {isa = PBXFileReference; fileEncoding = 4; lastKnownFileType = sourcecode.c.h; path = WXApi.h; sourceTree = "<group>"; };
		3F0DB1A41AB53D09006C43A3 /* WXApiObject.h */ = {isa = PBXFileReference; fileEncoding = 4; lastKnownFileType = sourcecode.c.h; path = WXApiObject.h; sourceTree = "<group>"; };
		3F0DB1B51AB53E38006C43A3 /* we sale assistant-Bridging-Header.h */ = {isa = PBXFileReference; lastKnownFileType = sourcecode.c.h; path = "we sale assistant-Bridging-Header.h"; sourceTree = "<group>"; };
		3F0DB1BA1AB54919006C43A3 /* libWeChatSDK.a */ = {isa = PBXFileReference; lastKnownFileType = archive.ar; path = libWeChatSDK.a; sourceTree = "<group>"; };
		3F120AC51A89F03E005C4DA2 /* we_sale_assistant.xcdatamodel */ = {isa = PBXFileReference; lastKnownFileType = wrapper.xcdatamodel; path = we_sale_assistant.xcdatamodel; sourceTree = "<group>"; };
		3F24CBB11A85904E00902C39 /* AddPersonViewController.swift */ = {isa = PBXFileReference; fileEncoding = 4; lastKnownFileType = sourcecode.swift; path = AddPersonViewController.swift; sourceTree = "<group>"; };
		3F24CBB31A85F4B100902C39 /* PersonDetailViewController.swift */ = {isa = PBXFileReference; fileEncoding = 4; lastKnownFileType = sourcecode.swift; path = PersonDetailViewController.swift; sourceTree = "<group>"; };
		3F24CBB51A86194600902C39 /* OrderDao.swift */ = {isa = PBXFileReference; fileEncoding = 4; lastKnownFileType = sourcecode.swift; path = OrderDao.swift; sourceTree = "<group>"; };
		3F24CBB71A86224A00902C39 /* AddOrderViewController.swift */ = {isa = PBXFileReference; fileEncoding = 4; lastKnownFileType = sourcecode.swift; path = AddOrderViewController.swift; sourceTree = "<group>"; };
		3F24CBB91A86FF3600902C39 /* ProductDao.swift */ = {isa = PBXFileReference; fileEncoding = 4; lastKnownFileType = sourcecode.swift; path = ProductDao.swift; sourceTree = "<group>"; };
		3F24CBBB1A870EAC00902C39 /* CustomerSearchController.swift */ = {isa = PBXFileReference; fileEncoding = 4; lastKnownFileType = sourcecode.swift; path = CustomerSearchController.swift; sourceTree = "<group>"; };
		3F4EE6C41A84A31200636386 /* we sale assistant.app */ = {isa = PBXFileReference; explicitFileType = wrapper.application; includeInIndex = 0; path = "we sale assistant.app"; sourceTree = BUILT_PRODUCTS_DIR; };
		3F4EE6C81A84A31200636386 /* Info.plist */ = {isa = PBXFileReference; lastKnownFileType = text.plist.xml; path = Info.plist; sourceTree = "<group>"; };
		3F4EE6C91A84A31200636386 /* AppDelegate.swift */ = {isa = PBXFileReference; lastKnownFileType = sourcecode.swift; path = AppDelegate.swift; sourceTree = "<group>"; };
		3F4EE6CB1A84A31200636386 /* FirstViewController.swift */ = {isa = PBXFileReference; lastKnownFileType = sourcecode.swift; path = FirstViewController.swift; sourceTree = "<group>"; };
		3F4EE6CD1A84A31200636386 /* SecondViewController.swift */ = {isa = PBXFileReference; lastKnownFileType = sourcecode.swift; path = SecondViewController.swift; sourceTree = "<group>"; };
		3F4EE6D01A84A31200636386 /* Base */ = {isa = PBXFileReference; lastKnownFileType = file.storyboard; name = Base; path = Base.lproj/Main.storyboard; sourceTree = "<group>"; };
		3F4EE6D21A84A31200636386 /* Images.xcassets */ = {isa = PBXFileReference; lastKnownFileType = folder.assetcatalog; path = Images.xcassets; sourceTree = "<group>"; };
		3F4EE6D51A84A31200636386 /* Base */ = {isa = PBXFileReference; lastKnownFileType = file.xib; name = Base; path = Base.lproj/LaunchScreen.xib; sourceTree = "<group>"; };
		3F4EE6DB1A84A31200636386 /* we sale assistantTests.xctest */ = {isa = PBXFileReference; explicitFileType = wrapper.cfbundle; includeInIndex = 0; path = "we sale assistantTests.xctest"; sourceTree = BUILT_PRODUCTS_DIR; };
		3F4EE6E01A84A31200636386 /* Info.plist */ = {isa = PBXFileReference; lastKnownFileType = text.plist.xml; path = Info.plist; sourceTree = "<group>"; };
		3F4EE6E11A84A31200636386 /* we_sale_assistantTests.swift */ = {isa = PBXFileReference; lastKnownFileType = sourcecode.swift; path = we_sale_assistantTests.swift; sourceTree = "<group>"; };
		3F4EE6EB1A84B93200636386 /* PersonDao.swift */ = {isa = PBXFileReference; fileEncoding = 4; lastKnownFileType = sourcecode.swift; path = PersonDao.swift; sourceTree = "<group>"; };
		3F724EDF1A99B08D00CF77BF /* OrderProductCell.swift */ = {isa = PBXFileReference; fileEncoding = 4; lastKnownFileType = sourcecode.swift; path = OrderProductCell.swift; sourceTree = "<group>"; };
		3F724EE11A99C04900CF77BF /* OrderCell.swift */ = {isa = PBXFileReference; fileEncoding = 4; lastKnownFileType = sourcecode.swift; path = OrderCell.swift; sourceTree = "<group>"; };
		3F77E19C1A98764E004AC946 /* ProductD.swift */ = {isa = PBXFileReference; fileEncoding = 4; lastKnownFileType = sourcecode.swift; path = ProductD.swift; sourceTree = "<group>"; };
		3F77E19E1A98764F004AC946 /* Person.swift */ = {isa = PBXFileReference; fileEncoding = 4; lastKnownFileType = sourcecode.swift; path = Person.swift; sourceTree = "<group>"; };
		3F77E1A01A98764F004AC946 /* OrderD.swift */ = {isa = PBXFileReference; fileEncoding = 4; lastKnownFileType = sourcecode.swift; path = OrderD.swift; sourceTree = "<group>"; };
		3FC4501F1AB563D600838E8F /* AddOrderViewController.swift */ = {isa = PBXFileReference; lastKnownFileType = sourcecode.swift; path = AddOrderViewController.swift; sourceTree = "<group>"; };
		3FC450201AB563D600838E8F /* AddPersonViewController.swift */ = {isa = PBXFileReference; lastKnownFileType = sourcecode.swift; path = AddPersonViewController.swift; sourceTree = "<group>"; };
		3FC450211AB563D600838E8F /* AddProductViewController.swift */ = {isa = PBXFileReference; lastKnownFileType = sourcecode.swift; path = AddProductViewController.swift; sourceTree = "<group>"; };
		3FC450221AB563D600838E8F /* AppDelegate.swift */ = {isa = PBXFileReference; lastKnownFileType = sourcecode.swift; path = AppDelegate.swift; sourceTree = "<group>"; };
		3FC450241AB563D600838E8F /* Base */ = {isa = PBXFileReference; lastKnownFileType = file.xib; name = Base; path = Base.lproj/LaunchScreen.xib; sourceTree = "<group>"; };
		3FC450261AB563D600838E8F /* Base */ = {isa = PBXFileReference; lastKnownFileType = file.storyboard; name = Base; path = Base.lproj/Main.storyboard; sourceTree = "<group>"; };
		3FC450271AB563D600838E8F /* CoreDataHelper.swift */ = {isa = PBXFileReference; lastKnownFileType = sourcecode.swift; path = CoreDataHelper.swift; sourceTree = "<group>"; };
		3FC450281AB563D600838E8F /* CustomerSearchController.swift */ = {isa = PBXFileReference; lastKnownFileType = sourcecode.swift; path = CustomerSearchController.swift; sourceTree = "<group>"; };
		3FC450291AB563D600838E8F /* EditStockViewController.swift */ = {isa = PBXFileReference; lastKnownFileType = sourcecode.swift; path = EditStockViewController.swift; sourceTree = "<group>"; };
		3FC4502B1AB563D600838E8F /* en */ = {isa = PBXFileReference; lastKnownFileType = text.plist.strings; name = en; path = en.lproj/Main.strings; sourceTree = "<group>"; };
		3FC4502C1AB563D600838E8F /* FirstViewController.swift */ = {isa = PBXFileReference; lastKnownFileType = sourcecode.swift; path = FirstViewController.swift; sourceTree = "<group>"; };
		3FC4502D1AB563D600838E8F /* Images.xcassets */ = {isa = PBXFileReference; lastKnownFileType = folder.assetcatalog; path = Images.xcassets; sourceTree = "<group>"; };
		3FC4502E1AB563D600838E8F /* Info.plist */ = {isa = PBXFileReference; lastKnownFileType = text.plist.xml; path = Info.plist; sourceTree = "<group>"; };
		3FC4502F1AB563D600838E8F /* libWeChatSDK.a */ = {isa = PBXFileReference; lastKnownFileType = archive.ar; path = libWeChatSDK.a; sourceTree = "<group>"; };
		3FC450301AB563D600838E8F /* OrderCell.swift */ = {isa = PBXFileReference; lastKnownFileType = sourcecode.swift; path = OrderCell.swift; sourceTree = "<group>"; };
		3FC450311AB563D600838E8F /* OrderD.swift */ = {isa = PBXFileReference; lastKnownFileType = sourcecode.swift; path = OrderD.swift; sourceTree = "<group>"; };
		3FC450321AB563D600838E8F /* OrderDao.swift */ = {isa = PBXFileReference; lastKnownFileType = sourcecode.swift; path = OrderDao.swift; sourceTree = "<group>"; };
		3FC450331AB563D600838E8F /* OrderProductCell.swift */ = {isa = PBXFileReference; lastKnownFileType = sourcecode.swift; path = OrderProductCell.swift; sourceTree = "<group>"; };
		3FC450341AB563D600838E8F /* OrderProductCellTableViewCell.swift */ = {isa = PBXFileReference; lastKnownFileType = sourcecode.swift; path = OrderProductCellTableViewCell.swift; sourceTree = "<group>"; };
		3FC450351AB563D600838E8F /* OrderProductTableCell.swift */ = {isa = PBXFileReference; lastKnownFileType = sourcecode.swift; path = OrderProductTableCell.swift; sourceTree = "<group>"; };
		3FC450361AB563D600838E8F /* Person.swift */ = {isa = PBXFileReference; lastKnownFileType = sourcecode.swift; path = Person.swift; sourceTree = "<group>"; };
		3FC450371AB563D600838E8F /* PersonDao.swift */ = {isa = PBXFileReference; lastKnownFileType = sourcecode.swift; path = PersonDao.swift; sourceTree = "<group>"; };
		3FC450381AB563D600838E8F /* PersonDetailViewController.swift */ = {isa = PBXFileReference; lastKnownFileType = sourcecode.swift; path = PersonDetailViewController.swift; sourceTree = "<group>"; };
		3FC450391AB563D600838E8F /* ProductD.swift */ = {isa = PBXFileReference; lastKnownFileType = sourcecode.swift; path = ProductD.swift; sourceTree = "<group>"; };
		3FC4503A1AB563D600838E8F /* ProductDao.swift */ = {isa = PBXFileReference; lastKnownFileType = sourcecode.swift; path = ProductDao.swift; sourceTree = "<group>"; };
		3FC4503B1AB563D600838E8F /* ProductViewController.swift */ = {isa = PBXFileReference; lastKnownFileType = sourcecode.swift; path = ProductViewController.swift; sourceTree = "<group>"; };
		3FC4503C1AB563D600838E8F /* SecondViewController.swift */ = {isa = PBXFileReference; lastKnownFileType = sourcecode.swift; path = SecondViewController.swift; sourceTree = "<group>"; };
		3FC4503D1AB563D600838E8F /* StockD.swift */ = {isa = PBXFileReference; lastKnownFileType = sourcecode.swift; path = StockD.swift; sourceTree = "<group>"; };
		3FC4503E1AB563D600838E8F /* we sale assistant-Bridging-Header.h */ = {isa = PBXFileReference; lastKnownFileType = sourcecode.c.h; path = "we sale assistant-Bridging-Header.h"; sourceTree = "<group>"; };
		3FC450401AB563D600838E8F /* we_sale_assistant.xcdatamodel */ = {isa = PBXFileReference; lastKnownFileType = wrapper.xcdatamodel; path = we_sale_assistant.xcdatamodel; sourceTree = "<group>"; };
		3FC450411AB563D600838E8F /* WeChatActivityGeneral.swift */ = {isa = PBXFileReference; lastKnownFileType = sourcecode.swift; path = WeChatActivityGeneral.swift; sourceTree = "<group>"; };
		3FC450421AB563D600838E8F /* WeChatMomentsActivity.swift */ = {isa = PBXFileReference; lastKnownFileType = sourcecode.swift; path = WeChatMomentsActivity.swift; sourceTree = "<group>"; };
		3FC450431AB563D600838E8F /* WeChatSessionActivity.swift */ = {isa = PBXFileReference; lastKnownFileType = sourcecode.swift; path = WeChatSessionActivity.swift; sourceTree = "<group>"; };
		3FC450441AB563D600838E8F /* WXApi.h */ = {isa = PBXFileReference; lastKnownFileType = sourcecode.c.h; path = WXApi.h; sourceTree = "<group>"; };
		3FC450451AB563D600838E8F /* WXApiObject.h */ = {isa = PBXFileReference; lastKnownFileType = sourcecode.c.h; path = WXApiObject.h; sourceTree = "<group>"; };
		3FC450471AB5732700838E8F /* String.swift */ = {isa = PBXFileReference; fileEncoding = 4; lastKnownFileType = sourcecode.swift; path = String.swift; sourceTree = "<group>"; };
		3FE7B48E1A90813E005F42D4 /* CoreDataHelper.swift */ = {isa = PBXFileReference; fileEncoding = 4; lastKnownFileType = sourcecode.swift; path = CoreDataHelper.swift; sourceTree = "<group>"; };
/* End PBXFileReference section */

/* Begin PBXFrameworksBuildPhase section */
		3F4EE6C11A84A31200636386 /* Frameworks */ = {
			isa = PBXFrameworksBuildPhase;
			buildActionMask = 2147483647;
			files = (
				3FC450461AB563E500838E8F /* libWeChatSDK.a in Frameworks */,
			);
			runOnlyForDeploymentPostprocessing = 0;
		};
		3F4EE6D81A84A31200636386 /* Frameworks */ = {
			isa = PBXFrameworksBuildPhase;
			buildActionMask = 2147483647;
			files = (
			);
			runOnlyForDeploymentPostprocessing = 0;
		};
/* End PBXFrameworksBuildPhase section */

/* Begin PBXGroup section */
		3F120AC91A8C9DEE005C4DA2 /* Model */ = {
			isa = PBXGroup;
			children = (
				3F0DB19C1AB53D09006C43A3 /* StockD.swift */,
				3F77E1A01A98764F004AC946 /* OrderD.swift */,
				3F77E19E1A98764F004AC946 /* Person.swift */,
				3F77E19C1A98764E004AC946 /* ProductD.swift */,
			);
			name = Model;
			sourceTree = "<group>";
		};
		3F4EE6BB1A84A31200636386 = {
			isa = PBXGroup;
			children = (
				3FC4501E1AB563D600838E8F /* we sale assistant */,
				3F4EE6C61A84A31200636386 /* we sale assistant */,
				3F4EE6DE1A84A31200636386 /* we sale assistantTests */,
				3F4EE6C51A84A31200636386 /* Products */,
			);
			sourceTree = "<group>";
		};
		3F4EE6C51A84A31200636386 /* Products */ = {
			isa = PBXGroup;
			children = (
				3F4EE6C41A84A31200636386 /* we sale assistant.app */,
				3F4EE6DB1A84A31200636386 /* we sale assistantTests.xctest */,
			);
			name = Products;
			sourceTree = "<group>";
		};
		3F4EE6C61A84A31200636386 /* we sale assistant */ = {
			isa = PBXGroup;
			children = (
				3F0DB1BA1AB54919006C43A3 /* libWeChatSDK.a */,
				3F0DB1A41AB53D09006C43A3 /* WXApiObject.h */,
				3F0DB1A31AB53D09006C43A3 /* WXApi.h */,
				3F0DB1A21AB53D09006C43A3 /* WeChatSessionActivity.swift */,
				3F0DB1A11AB53D09006C43A3 /* WeChatMomentsActivity.swift */,
				3F0DB1A01AB53D09006C43A3 /* WeChatActivityGeneral.swift */,
				3FCEAB411A99ACFF007F327C /* Cell */,
				3FC052331A8F220700042DB1 /* ViewControllers */,
				3F120AC91A8C9DEE005C4DA2 /* Model */,
				3F4EE6C91A84A31200636386 /* AppDelegate.swift */,
				3F120AC41A89F03E005C4DA2 /* we_sale_assistant.xcdatamodeld */,
				3F4EE6CF1A84A31200636386 /* Main.storyboard */,
				3F4EE6D21A84A31200636386 /* Images.xcassets */,
				3F4EE6D41A84A31200636386 /* LaunchScreen.xib */,
				3F4EE6C71A84A31200636386 /* Supporting Files */,
				3F4EE6EB1A84B93200636386 /* PersonDao.swift */,
				3F24CBB51A86194600902C39 /* OrderDao.swift */,
				3F24CBB91A86FF3600902C39 /* ProductDao.swift */,
				3F0DB1B51AB53E38006C43A3 /* we sale assistant-Bridging-Header.h */,
			);
			path = "we sale assistant";
			sourceTree = "<group>";
		};
		3F4EE6C71A84A31200636386 /* Supporting Files */ = {
			isa = PBXGroup;
			children = (
				3FE7B48E1A90813E005F42D4 /* CoreDataHelper.swift */,
				3F4EE6C81A84A31200636386 /* Info.plist */,
			);
			name = "Supporting Files";
			sourceTree = "<group>";
		};
		3F4EE6DE1A84A31200636386 /* we sale assistantTests */ = {
			isa = PBXGroup;
			children = (
				3F4EE6E11A84A31200636386 /* we_sale_assistantTests.swift */,
				3F4EE6DF1A84A31200636386 /* Supporting Files */,
			);
			path = "we sale assistantTests";
			sourceTree = "<group>";
		};
		3F4EE6DF1A84A31200636386 /* Supporting Files */ = {
			isa = PBXGroup;
			children = (
				3F4EE6E01A84A31200636386 /* Info.plist */,
			);
			name = "Supporting Files";
			sourceTree = "<group>";
		};
		3FC052331A8F220700042DB1 /* ViewControllers */ = {
			isa = PBXGroup;
			children = (
				3F0DB18D1AB53D09006C43A3 /* AddProductViewController.swift */,
				3F0DB1931AB53D09006C43A3 /* EditStockViewController.swift */,
				3F24CBB11A85904E00902C39 /* AddPersonViewController.swift */,
				3F4EE6CD1A84A31200636386 /* SecondViewController.swift */,
				3F4EE6CB1A84A31200636386 /* FirstViewController.swift */,
				3F24CBB71A86224A00902C39 /* AddOrderViewController.swift */,
				3F24CBBB1A870EAC00902C39 /* CustomerSearchController.swift */,
				3F24CBB31A85F4B100902C39 /* PersonDetailViewController.swift */,
			);
			name = ViewControllers;
			sourceTree = "<group>";
		};
		3FC4501E1AB563D600838E8F /* we sale assistant */ = {
			isa = PBXGroup;
			children = (
				3FC4504D1AB575A400838E8F /* Util */,
				3FC4504C1AB5754300838E8F /* Model */,
				3FC4504B1AB5752000838E8F /* Wechat */,
				3FC4504A1AB574F500838E8F /* Cell */,
				3FC450491AB574DB00838E8F /* Controller */,
				3FC450221AB563D600838E8F /* AppDelegate.swift */,
				3FC450231AB563D600838E8F /* LaunchScreen.xib */,
				3FC450251AB563D600838E8F /* Main.storyboard */,
				3FC4502A1AB563D600838E8F /* Main.strings */,
				3FC4502D1AB563D600838E8F /* Images.xcassets */,
				3FC4502E1AB563D600838E8F /* Info.plist */,
				3FC450321AB563D600838E8F /* OrderDao.swift */,
				3FC450371AB563D600838E8F /* PersonDao.swift */,
				3FC4503A1AB563D600838E8F /* ProductDao.swift */,
				3FC4503E1AB563D600838E8F /* we sale assistant-Bridging-Header.h */,
				3FC4503F1AB563D600838E8F /* we_sale_assistant.xcdatamodeld */,
			);
			path = "we sale assistant";
			sourceTree = "<group>";
		};
		3FC450491AB574DB00838E8F /* Controller */ = {
			isa = PBXGroup;
			children = (
				3FC4502C1AB563D600838E8F /* FirstViewController.swift */,
				3FC4503B1AB563D600838E8F /* ProductViewController.swift */,
				3FC4503C1AB563D600838E8F /* SecondViewController.swift */,
				3FC450381AB563D600838E8F /* PersonDetailViewController.swift */,
				3FC450291AB563D600838E8F /* EditStockViewController.swift */,
				3FC450281AB563D600838E8F /* CustomerSearchController.swift */,
				3FC4501F1AB563D600838E8F /* AddOrderViewController.swift */,
				3FC450201AB563D600838E8F /* AddPersonViewController.swift */,
				3FC450211AB563D600838E8F /* AddProductViewController.swift */,
			);
			name = Controller;
			sourceTree = "<group>";
		};
		3FC4504A1AB574F500838E8F /* Cell */ = {
			isa = PBXGroup;
			children = (
				3FC450301AB563D600838E8F /* OrderCell.swift */,
				3FC450341AB563D600838E8F /* OrderProductCellTableViewCell.swift */,
				3FC450351AB563D600838E8F /* OrderProductTableCell.swift */,
				3FC450331AB563D600838E8F /* OrderProductCell.swift */,
			);
			name = Cell;
			sourceTree = "<group>";
		};
		3FC4504B1AB5752000838E8F /* Wechat */ = {
			isa = PBXGroup;
			children = (
				3FC4502F1AB563D600838E8F /* libWeChatSDK.a */,
				3FC450411AB563D600838E8F /* WeChatActivityGeneral.swift */,
				3FC450421AB563D600838E8F /* WeChatMomentsActivity.swift */,
				3FC450431AB563D600838E8F /* WeChatSessionActivity.swift */,
				3FC450441AB563D600838E8F /* WXApi.h */,
				3FC450451AB563D600838E8F /* WXApiObject.h */,
			);
			name = Wechat;
			sourceTree = "<group>";
		};
		3FC4504C1AB5754300838E8F /* Model */ = {
			isa = PBXGroup;
			children = (
				3FC450391AB563D600838E8F /* ProductD.swift */,
				3FC4503D1AB563D600838E8F /* StockD.swift */,
				3FC450361AB563D600838E8F /* Person.swift */,
				3FC450311AB563D600838E8F /* OrderD.swift */,
			);
			name = Model;
			sourceTree = "<group>";
		};
		3FC4504D1AB575A400838E8F /* Util */ = {
			isa = PBXGroup;
			children = (
				3FC450471AB5732700838E8F /* String.swift */,
				3FC450271AB563D600838E8F /* CoreDataHelper.swift */,
			);
			name = Util;
			sourceTree = "<group>";
		};
		3FCEAB411A99ACFF007F327C /* Cell */ = {
			isa = PBXGroup;
			children = (
				3F0DB1991AB53D09006C43A3 /* OrderProductCellTableViewCell.swift */,
				3F0DB19A1AB53D09006C43A3 /* OrderProductTableCell.swift */,
				3F0DB19B1AB53D09006C43A3 /* ProductViewController.swift */,
				3F724EE11A99C04900CF77BF /* OrderCell.swift */,
				3F724EDF1A99B08D00CF77BF /* OrderProductCell.swift */,
			);
			name = Cell;
			sourceTree = "<group>";
		};
/* End PBXGroup section */

/* Begin PBXNativeTarget section */
		3F4EE6C31A84A31200636386 /* we sale assistant */ = {
			isa = PBXNativeTarget;
			buildConfigurationList = 3F4EE6E51A84A31200636386 /* Build configuration list for PBXNativeTarget "we sale assistant" */;
			buildPhases = (
				3F4EE6C01A84A31200636386 /* Sources */,
				3F4EE6C11A84A31200636386 /* Frameworks */,
				3F4EE6C21A84A31200636386 /* Resources */,
			);
			buildRules = (
			);
			dependencies = (
			);
			name = "we sale assistant";
			productName = "we sale assistant";
			productReference = 3F4EE6C41A84A31200636386 /* we sale assistant.app */;
			productType = "com.apple.product-type.application";
		};
		3F4EE6DA1A84A31200636386 /* we sale assistantTests */ = {
			isa = PBXNativeTarget;
			buildConfigurationList = 3F4EE6E81A84A31200636386 /* Build configuration list for PBXNativeTarget "we sale assistantTests" */;
			buildPhases = (
				3F4EE6D71A84A31200636386 /* Sources */,
				3F4EE6D81A84A31200636386 /* Frameworks */,
				3F4EE6D91A84A31200636386 /* Resources */,
			);
			buildRules = (
			);
			dependencies = (
				3F4EE6DD1A84A31200636386 /* PBXTargetDependency */,
			);
			name = "we sale assistantTests";
			productName = "we sale assistantTests";
			productReference = 3F4EE6DB1A84A31200636386 /* we sale assistantTests.xctest */;
			productType = "com.apple.product-type.bundle.unit-test";
		};
/* End PBXNativeTarget section */

/* Begin PBXProject section */
		3F4EE6BC1A84A31200636386 /* Project object */ = {
			isa = PBXProject;
			attributes = {
				LastUpgradeCheck = 0610;
				ORGANIZATIONNAME = "xipeng yang";
				TargetAttributes = {
					3F4EE6C31A84A31200636386 = {
						CreatedOnToolsVersion = 6.1.1;
					};
					3F4EE6DA1A84A31200636386 = {
						CreatedOnToolsVersion = 6.1.1;
						TestTargetID = 3F4EE6C31A84A31200636386;
					};
				};
			};
			buildConfigurationList = 3F4EE6BF1A84A31200636386 /* Build configuration list for PBXProject "we sale assistant" */;
			compatibilityVersion = "Xcode 3.2";
			developmentRegion = English;
			hasScannedForEncodings = 0;
			knownRegions = (
				en,
				Base,
			);
			mainGroup = 3F4EE6BB1A84A31200636386;
			productRefGroup = 3F4EE6C51A84A31200636386 /* Products */;
			projectDirPath = "";
			projectRoot = "";
			targets = (
				3F4EE6C31A84A31200636386 /* we sale assistant */,
				3F4EE6DA1A84A31200636386 /* we sale assistantTests */,
			);
		};
/* End PBXProject section */

/* Begin PBXResourcesBuildPhase section */
		3F4EE6C21A84A31200636386 /* Resources */ = {
			isa = PBXResourcesBuildPhase;
			buildActionMask = 2147483647;
			files = (
				3F4EE6D11A84A31200636386 /* Main.storyboard in Resources */,
				3F4EE6D61A84A31200636386 /* LaunchScreen.xib in Resources */,
				3F4EE6D31A84A31200636386 /* Images.xcassets in Resources */,
			);
			runOnlyForDeploymentPostprocessing = 0;
		};
		3F4EE6D91A84A31200636386 /* Resources */ = {
			isa = PBXResourcesBuildPhase;
			buildActionMask = 2147483647;
			files = (
			);
			runOnlyForDeploymentPostprocessing = 0;
		};
/* End PBXResourcesBuildPhase section */

/* Begin PBXSourcesBuildPhase section */
		3F4EE6C01A84A31200636386 /* Sources */ = {
			isa = PBXSourcesBuildPhase;
			buildActionMask = 2147483647;
			files = (
				3F0DB1AF1AB53D09006C43A3 /* StockD.swift in Sources */,
				3F4EE6CE1A84A31200636386 /* SecondViewController.swift in Sources */,
				3F0DB1B31AB53D09006C43A3 /* WeChatSessionActivity.swift in Sources */,
				3FC450481AB5732800838E8F /* String.swift in Sources */,
				3F0DB1B21AB53D09006C43A3 /* WeChatMomentsActivity.swift in Sources */,
				3F4EE6EC1A84B93200636386 /* PersonDao.swift in Sources */,
				3F24CBB61A86194600902C39 /* OrderDao.swift in Sources */,
				3F24CBB81A86224A00902C39 /* AddOrderViewController.swift in Sources */,
				3F24CBB41A85F4B100902C39 /* PersonDetailViewController.swift in Sources */,
				3F120AC61A89F03E005C4DA2 /* we_sale_assistant.xcdatamodeld in Sources */,
				3F24CBBC1A870EAC00902C39 /* CustomerSearchController.swift in Sources */,
				3F77E19F1A98764F004AC946 /* Person.swift in Sources */,
				3F0DB1A51AB53D09006C43A3 /* AddProductViewController.swift in Sources */,
				3FE7B48F1A90813E005F42D4 /* CoreDataHelper.swift in Sources */,
				3F77E1A11A98764F004AC946 /* OrderD.swift in Sources */,
				3F4EE6CA1A84A31200636386 /* AppDelegate.swift in Sources */,
				3F77E19D1A98764E004AC946 /* ProductD.swift in Sources */,
				3F0DB1B11AB53D09006C43A3 /* WeChatActivityGeneral.swift in Sources */,
				3F4EE6CC1A84A31200636386 /* FirstViewController.swift in Sources */,
				3F0DB1AE1AB53D09006C43A3 /* ProductViewController.swift in Sources */,
				3F0DB1AC1AB53D09006C43A3 /* OrderProductCellTableViewCell.swift in Sources */,
				3F24CBBA1A86FF3600902C39 /* ProductDao.swift in Sources */,
				3F0DB1A81AB53D09006C43A3 /* EditStockViewController.swift in Sources */,
				3F724EE01A99B08D00CF77BF /* OrderProductCell.swift in Sources */,
				3F24CBB21A85904E00902C39 /* AddPersonViewController.swift in Sources */,
				3F0DB1AD1AB53D09006C43A3 /* OrderProductTableCell.swift in Sources */,
				3F724EE21A99C04900CF77BF /* OrderCell.swift in Sources */,
			);
			runOnlyForDeploymentPostprocessing = 0;
		};
		3F4EE6D71A84A31200636386 /* Sources */ = {
			isa = PBXSourcesBuildPhase;
			buildActionMask = 2147483647;
			files = (
				3F4EE6E21A84A31200636386 /* we_sale_assistantTests.swift in Sources */,
			);
			runOnlyForDeploymentPostprocessing = 0;
		};
/* End PBXSourcesBuildPhase section */

/* Begin PBXTargetDependency section */
		3F4EE6DD1A84A31200636386 /* PBXTargetDependency */ = {
			isa = PBXTargetDependency;
			target = 3F4EE6C31A84A31200636386 /* we sale assistant */;
			targetProxy = 3F4EE6DC1A84A31200636386 /* PBXContainerItemProxy */;
		};
/* End PBXTargetDependency section */

/* Begin PBXVariantGroup section */
		3F4EE6CF1A84A31200636386 /* Main.storyboard */ = {
			isa = PBXVariantGroup;
			children = (
				3F4EE6D01A84A31200636386 /* Base */,
			);
			name = Main.storyboard;
			sourceTree = "<group>";
		};
		3F4EE6D41A84A31200636386 /* LaunchScreen.xib */ = {
			isa = PBXVariantGroup;
			children = (
				3F4EE6D51A84A31200636386 /* Base */,
			);
			name = LaunchScreen.xib;
			sourceTree = "<group>";
		};
		3FC450231AB563D600838E8F /* LaunchScreen.xib */ = {
			isa = PBXVariantGroup;
			children = (
				3FC450241AB563D600838E8F /* Base */,
			);
			name = LaunchScreen.xib;
			sourceTree = "<group>";
		};
		3FC450251AB563D600838E8F /* Main.storyboard */ = {
			isa = PBXVariantGroup;
			children = (
				3FC450261AB563D600838E8F /* Base */,
			);
			name = Main.storyboard;
			sourceTree = "<group>";
		};
		3FC4502A1AB563D600838E8F /* Main.strings */ = {
			isa = PBXVariantGroup;
			children = (
				3FC4502B1AB563D600838E8F /* en */,
			);
			name = Main.strings;
			sourceTree = "<group>";
		};
/* End PBXVariantGroup section */

/* Begin XCBuildConfiguration section */
		3F4EE6E31A84A31200636386 /* Debug */ = {
			isa = XCBuildConfiguration;
			buildSettings = {
				ALWAYS_SEARCH_USER_PATHS = NO;
				CLANG_CXX_LANGUAGE_STANDARD = "gnu++0x";
				CLANG_CXX_LIBRARY = "libc++";
				CLANG_ENABLE_MODULES = YES;
				CLANG_ENABLE_OBJC_ARC = YES;
				CLANG_WARN_BOOL_CONVERSION = YES;
				CLANG_WARN_CONSTANT_CONVERSION = YES;
				CLANG_WARN_DIRECT_OBJC_ISA_USAGE = YES_ERROR;
				CLANG_WARN_EMPTY_BODY = YES;
				CLANG_WARN_ENUM_CONVERSION = YES;
				CLANG_WARN_INT_CONVERSION = YES;
				CLANG_WARN_OBJC_ROOT_CLASS = YES_ERROR;
				CLANG_WARN_UNREACHABLE_CODE = YES;
				CLANG_WARN__DUPLICATE_METHOD_MATCH = YES;
				"CODE_SIGN_IDENTITY[sdk=iphoneos*]" = "iPhone Developer";
				COPY_PHASE_STRIP = NO;
				ENABLE_STRICT_OBJC_MSGSEND = YES;
				GCC_C_LANGUAGE_STANDARD = gnu99;
				GCC_DYNAMIC_NO_PIC = NO;
				GCC_OPTIMIZATION_LEVEL = 0;
				GCC_PREPROCESSOR_DEFINITIONS = (
					"DEBUG=1",
					"$(inherited)",
				);
				GCC_SYMBOLS_PRIVATE_EXTERN = NO;
				GCC_WARN_64_TO_32_BIT_CONVERSION = YES;
				GCC_WARN_ABOUT_RETURN_TYPE = YES_ERROR;
				GCC_WARN_UNDECLARED_SELECTOR = YES;
				GCC_WARN_UNINITIALIZED_AUTOS = YES_AGGRESSIVE;
				GCC_WARN_UNUSED_FUNCTION = YES;
				GCC_WARN_UNUSED_VARIABLE = YES;
				IPHONEOS_DEPLOYMENT_TARGET = 8.1;
				MTL_ENABLE_DEBUG_INFO = YES;
				ONLY_ACTIVE_ARCH = YES;
				SDKROOT = iphoneos;
				SWIFT_OPTIMIZATION_LEVEL = "-Onone";
			};
			name = Debug;
		};
		3F4EE6E41A84A31200636386 /* Release */ = {
			isa = XCBuildConfiguration;
			buildSettings = {
				ALWAYS_SEARCH_USER_PATHS = NO;
				CLANG_CXX_LANGUAGE_STANDARD = "gnu++0x";
				CLANG_CXX_LIBRARY = "libc++";
				CLANG_ENABLE_MODULES = YES;
				CLANG_ENABLE_OBJC_ARC = YES;
				CLANG_WARN_BOOL_CONVERSION = YES;
				CLANG_WARN_CONSTANT_CONVERSION = YES;
				CLANG_WARN_DIRECT_OBJC_ISA_USAGE = YES_ERROR;
				CLANG_WARN_EMPTY_BODY = YES;
				CLANG_WARN_ENUM_CONVERSION = YES;
				CLANG_WARN_INT_CONVERSION = YES;
				CLANG_WARN_OBJC_ROOT_CLASS = YES_ERROR;
				CLANG_WARN_UNREACHABLE_CODE = YES;
				CLANG_WARN__DUPLICATE_METHOD_MATCH = YES;
				"CODE_SIGN_IDENTITY[sdk=iphoneos*]" = "iPhone Developer";
				COPY_PHASE_STRIP = YES;
				ENABLE_NS_ASSERTIONS = NO;
				ENABLE_STRICT_OBJC_MSGSEND = YES;
				GCC_C_LANGUAGE_STANDARD = gnu99;
				GCC_WARN_64_TO_32_BIT_CONVERSION = YES;
				GCC_WARN_ABOUT_RETURN_TYPE = YES_ERROR;
				GCC_WARN_UNDECLARED_SELECTOR = YES;
				GCC_WARN_UNINITIALIZED_AUTOS = YES_AGGRESSIVE;
				GCC_WARN_UNUSED_FUNCTION = YES;
				GCC_WARN_UNUSED_VARIABLE = YES;
				IPHONEOS_DEPLOYMENT_TARGET = 8.1;
				MTL_ENABLE_DEBUG_INFO = NO;
				SDKROOT = iphoneos;
				VALIDATE_PRODUCT = YES;
			};
			name = Release;
		};
		3F4EE6E61A84A31200636386 /* Debug */ = {
			isa = XCBuildConfiguration;
			buildSettings = {
				ASSETCATALOG_COMPILER_APPICON_NAME = AppIcon;
				CLANG_ENABLE_MODULES = YES;
				INFOPLIST_FILE = "we sale assistant/Info.plist";
				IPHONEOS_DEPLOYMENT_TARGET = 8.0;
				LD_RUNPATH_SEARCH_PATHS = "$(inherited) @executable_path/Frameworks";
				LIBRARY_SEARCH_PATHS = (
					"$(inherited)",
					"$(PROJECT_DIR)/",
					"$(PROJECT_DIR)/we",
					sale,
					assistant,
				);
				PRODUCT_NAME = "$(TARGET_NAME)";
				SWIFT_OBJC_BRIDGING_HEADER = "we sale assistant/we sale assistant-Bridging-Header.h";
				SWIFT_OPTIMIZATION_LEVEL = "-Onone";
			};
			name = Debug;
		};
		3F4EE6E71A84A31200636386 /* Release */ = {
			isa = XCBuildConfiguration;
			buildSettings = {
				ASSETCATALOG_COMPILER_APPICON_NAME = AppIcon;
				CLANG_ENABLE_MODULES = YES;
				INFOPLIST_FILE = "we sale assistant/Info.plist";
				IPHONEOS_DEPLOYMENT_TARGET = 8.0;
				LD_RUNPATH_SEARCH_PATHS = "$(inherited) @executable_path/Frameworks";
				LIBRARY_SEARCH_PATHS = (
					"$(inherited)",
					"$(PROJECT_DIR)/",
					"$(PROJECT_DIR)/we",
					sale,
					assistant,
				);
				PRODUCT_NAME = "$(TARGET_NAME)";
				SWIFT_OBJC_BRIDGING_HEADER = "we sale assistant/we sale assistant-Bridging-Header.h";
			};
			name = Release;
		};
		3F4EE6E91A84A31200636386 /* Debug */ = {
			isa = XCBuildConfiguration;
			buildSettings = {
				BUNDLE_LOADER = "$(TEST_HOST)";
				FRAMEWORK_SEARCH_PATHS = (
					"$(SDKROOT)/Developer/Library/Frameworks",
					"$(inherited)",
				);
				GCC_PREPROCESSOR_DEFINITIONS = (
					"DEBUG=1",
					"$(inherited)",
				);
				INFOPLIST_FILE = "we sale assistantTests/Info.plist";
				LD_RUNPATH_SEARCH_PATHS = "$(inherited) @executable_path/Frameworks @loader_path/Frameworks";
				PRODUCT_NAME = "$(TARGET_NAME)";
				TEST_HOST = "$(BUILT_PRODUCTS_DIR)/we sale assistant.app/we sale assistant";
			};
			name = Debug;
		};
		3F4EE6EA1A84A31200636386 /* Release */ = {
			isa = XCBuildConfiguration;
			buildSettings = {
				BUNDLE_LOADER = "$(TEST_HOST)";
				FRAMEWORK_SEARCH_PATHS = (
					"$(SDKROOT)/Developer/Library/Frameworks",
					"$(inherited)",
				);
				INFOPLIST_FILE = "we sale assistantTests/Info.plist";
				LD_RUNPATH_SEARCH_PATHS = "$(inherited) @executable_path/Frameworks @loader_path/Frameworks";
				PRODUCT_NAME = "$(TARGET_NAME)";
				TEST_HOST = "$(BUILT_PRODUCTS_DIR)/we sale assistant.app/we sale assistant";
			};
			name = Release;
		};
/* End XCBuildConfiguration section */

/* Begin XCConfigurationList section */
		3F4EE6BF1A84A31200636386 /* Build configuration list for PBXProject "we sale assistant" */ = {
			isa = XCConfigurationList;
			buildConfigurations = (
				3F4EE6E31A84A31200636386 /* Debug */,
				3F4EE6E41A84A31200636386 /* Release */,
			);
			defaultConfigurationIsVisible = 0;
			defaultConfigurationName = Release;
		};
		3F4EE6E51A84A31200636386 /* Build configuration list for PBXNativeTarget "we sale assistant" */ = {
			isa = XCConfigurationList;
			buildConfigurations = (
				3F4EE6E61A84A31200636386 /* Debug */,
				3F4EE6E71A84A31200636386 /* Release */,
			);
			defaultConfigurationIsVisible = 0;
			defaultConfigurationName = Release;
		};
		3F4EE6E81A84A31200636386 /* Build configuration list for PBXNativeTarget "we sale assistantTests" */ = {
			isa = XCConfigurationList;
			buildConfigurations = (
				3F4EE6E91A84A31200636386 /* Debug */,
				3F4EE6EA1A84A31200636386 /* Release */,
			);
			defaultConfigurationIsVisible = 0;
			defaultConfigurationName = Release;
		};
/* End XCConfigurationList section */

/* Begin XCVersionGroup section */
		3F120AC41A89F03E005C4DA2 /* we_sale_assistant.xcdatamodeld */ = {
			isa = XCVersionGroup;
			children = (
				3F120AC51A89F03E005C4DA2 /* we_sale_assistant.xcdatamodel */,
			);
			currentVersion = 3F120AC51A89F03E005C4DA2 /* we_sale_assistant.xcdatamodel */;
			path = we_sale_assistant.xcdatamodeld;
			sourceTree = "<group>";
			versionGroupType = wrapper.xcdatamodel;
		};
		3FC4503F1AB563D600838E8F /* we_sale_assistant.xcdatamodeld */ = {
			isa = XCVersionGroup;
			children = (
				3FC450401AB563D600838E8F /* we_sale_assistant.xcdatamodel */,
			);
			currentVersion = 3FC450401AB563D600838E8F /* we_sale_assistant.xcdatamodel */;
			path = we_sale_assistant.xcdatamodeld;
			sourceTree = "<group>";
			versionGroupType = wrapper.xcdatamodel;
		};
/* End XCVersionGroup section */
	};
	rootObject = 3F4EE6BC1A84A31200636386 /* Project object */;
}
