// !$*UTF8*$!
{
	archiveVersion = 1;
	classes = {
	};
	objectVersion = 46;
	objects = {

/* Begin PBXBuildFile section */
		3FBED3A11A738AA3007FFCCB /* AppDelegate.swift in Sources */ = {isa = PBXBuildFile; fileRef = 3FBED3A01A738AA3007FFCCB /* AppDelegate.swift */; };
		3FBED3A31A738AA3007FFCCB /* ViewController.swift in Sources */ = {isa = PBXBuildFile; fileRef = 3FBED3A21A738AA3007FFCCB /* ViewController.swift */; };
		3FBED3A61A738AA3007FFCCB /* Main.storyboard in Resources */ = {isa = PBXBuildFile; fileRef = 3FBED3A41A738AA3007FFCCB /* Main.storyboard */; };
		3FBED3A81A738AA3007FFCCB /* Images.xcassets in Resources */ = {isa = PBXBuildFile; fileRef = 3FBED3A71A738AA3007FFCCB /* Images.xcassets */; };
		3FBED3AB1A738AA3007FFCCB /* LaunchScreen.xib in Resources */ = {isa = PBXBuildFile; fileRef = 3FBED3A91A738AA3007FFCCB /* LaunchScreen.xib */; };
		3FBED3B71A738AA3007FFCCB /* Times_TablesTests.swift in Sources */ = {isa = PBXBuildFile; fileRef = 3FBED3B61A738AA3007FFCCB /* Times_TablesTests.swift */; };
/* End PBXBuildFile section */

/* Begin PBXContainerItemProxy section */
		3FBED3B11A738AA3007FFCCB /* PBXContainerItemProxy */ = {
			isa = PBXContainerItemProxy;
			containerPortal = 3FBED3931A738AA3007FFCCB /* Project object */;
			proxyType = 1;
			remoteGlobalIDString = 3FBED39A1A738AA3007FFCCB;
			remoteInfo = "Times Tables";
		};
/* End PBXContainerItemProxy section */

/* Begin PBXFileReference section */
		3FBED39B1A738AA3007FFCCB /* Times Tables.app */ = {isa = PBXFileReference; explicitFileType = wrapper.application; includeInIndex = 0; path = "Times Tables.app"; sourceTree = BUILT_PRODUCTS_DIR; };
		3FBED39F1A738AA3007FFCCB /* Info.plist */ = {isa = PBXFileReference; lastKnownFileType = text.plist.xml; path = Info.plist; sourceTree = "<group>"; };
		3FBED3A01A738AA3007FFCCB /* AppDelegate.swift */ = {isa = PBXFileReference; lastKnownFileType = sourcecode.swift; path = AppDelegate.swift; sourceTree = "<group>"; };
		3FBED3A21A738AA3007FFCCB /* ViewController.swift */ = {isa = PBXFileReference; lastKnownFileType = sourcecode.swift; path = ViewController.swift; sourceTree = "<group>"; };
		3FBED3A51A738AA3007FFCCB /* Base */ = {isa = PBXFileReference; lastKnownFileType = file.storyboard; name = Base; path = Base.lproj/Main.storyboard; sourceTree = "<group>"; };
		3FBED3A71A738AA3007FFCCB /* Images.xcassets */ = {isa = PBXFileReference; lastKnownFileType = folder.assetcatalog; path = Images.xcassets; sourceTree = "<group>"; };
		3FBED3AA1A738AA3007FFCCB /* Base */ = {isa = PBXFileReference; lastKnownFileType = file.xib; name = Base; path = Base.lproj/LaunchScreen.xib; sourceTree = "<group>"; };
		3FBED3B01A738AA3007FFCCB /* Times TablesTests.xctest */ = {isa = PBXFileReference; explicitFileType = wrapper.cfbundle; includeInIndex = 0; path = "Times TablesTests.xctest"; sourceTree = BUILT_PRODUCTS_DIR; };
		3FBED3B51A738AA3007FFCCB /* Info.plist */ = {isa = PBXFileReference; lastKnownFileType = text.plist.xml; path = Info.plist; sourceTree = "<group>"; };
		3FBED3B61A738AA3007FFCCB /* Times_TablesTests.swift */ = {isa = PBXFileReference; lastKnownFileType = sourcecode.swift; path = Times_TablesTests.swift; sourceTree = "<group>"; };
/* End PBXFileReference section */

/* Begin PBXFrameworksBuildPhase section */
		3FBED3981A738AA3007FFCCB /* Frameworks */ = {
			isa = PBXFrameworksBuildPhase;
			buildActionMask = 2147483647;
			files = (
			);
			runOnlyForDeploymentPostprocessing = 0;
		};
		3FBED3AD1A738AA3007FFCCB /* Frameworks */ = {
			isa = PBXFrameworksBuildPhase;
			buildActionMask = 2147483647;
			files = (
			);
			runOnlyForDeploymentPostprocessing = 0;
		};
/* End PBXFrameworksBuildPhase section */

/* Begin PBXGroup section */
		3FBED3921A738AA3007FFCCB = {
			isa = PBXGroup;
			children = (
				3FBED39D1A738AA3007FFCCB /* Times Tables */,
				3FBED3B31A738AA3007FFCCB /* Times TablesTests */,
				3FBED39C1A738AA3007FFCCB /* Products */,
			);
			sourceTree = "<group>";
		};
		3FBED39C1A738AA3007FFCCB /* Products */ = {
			isa = PBXGroup;
			children = (
				3FBED39B1A738AA3007FFCCB /* Times Tables.app */,
				3FBED3B01A738AA3007FFCCB /* Times TablesTests.xctest */,
			);
			name = Products;
			sourceTree = "<group>";
		};
		3FBED39D1A738AA3007FFCCB /* Times Tables */ = {
			isa = PBXGroup;
			children = (
				3FBED3A01A738AA3007FFCCB /* AppDelegate.swift */,
				3FBED3A21A738AA3007FFCCB /* ViewController.swift */,
				3FBED3A41A738AA3007FFCCB /* Main.storyboard */,
				3FBED3A71A738AA3007FFCCB /* Images.xcassets */,
				3FBED3A91A738AA3007FFCCB /* LaunchScreen.xib */,
				3FBED39E1A738AA3007FFCCB /* Supporting Files */,
			);
			path = "Times Tables";
			sourceTree = "<group>";
		};
		3FBED39E1A738AA3007FFCCB /* Supporting Files */ = {
			isa = PBXGroup;
			children = (
				3FBED39F1A738AA3007FFCCB /* Info.plist */,
			);
			name = "Supporting Files";
			sourceTree = "<group>";
		};
		3FBED3B31A738AA3007FFCCB /* Times TablesTests */ = {
			isa = PBXGroup;
			children = (
				3FBED3B61A738AA3007FFCCB /* Times_TablesTests.swift */,
				3FBED3B41A738AA3007FFCCB /* Supporting Files */,
			);
			path = "Times TablesTests";
			sourceTree = "<group>";
		};
		3FBED3B41A738AA3007FFCCB /* Supporting Files */ = {
			isa = PBXGroup;
			children = (
				3FBED3B51A738AA3007FFCCB /* Info.plist */,
			);
			name = "Supporting Files";
			sourceTree = "<group>";
		};
/* End PBXGroup section */

/* Begin PBXNativeTarget section */
		3FBED39A1A738AA3007FFCCB /* Times Tables */ = {
			isa = PBXNativeTarget;
			buildConfigurationList = 3FBED3BA1A738AA3007FFCCB /* Build configuration list for PBXNativeTarget "Times Tables" */;
			buildPhases = (
				3FBED3971A738AA3007FFCCB /* Sources */,
				3FBED3981A738AA3007FFCCB /* Frameworks */,
				3FBED3991A738AA3007FFCCB /* Resources */,
			);
			buildRules = (
			);
			dependencies = (
			);
			name = "Times Tables";
			productName = "Times Tables";
			productReference = 3FBED39B1A738AA3007FFCCB /* Times Tables.app */;
			productType = "com.apple.product-type.application";
		};
		3FBED3AF1A738AA3007FFCCB /* Times TablesTests */ = {
			isa = PBXNativeTarget;
			buildConfigurationList = 3FBED3BD1A738AA3007FFCCB /* Build configuration list for PBXNativeTarget "Times TablesTests" */;
			buildPhases = (
				3FBED3AC1A738AA3007FFCCB /* Sources */,
				3FBED3AD1A738AA3007FFCCB /* Frameworks */,
				3FBED3AE1A738AA3007FFCCB /* Resources */,
			);
			buildRules = (
			);
			dependencies = (
				3FBED3B21A738AA3007FFCCB /* PBXTargetDependency */,
			);
			name = "Times TablesTests";
			productName = "Times TablesTests";
			productReference = 3FBED3B01A738AA3007FFCCB /* Times TablesTests.xctest */;
			productType = "com.apple.product-type.bundle.unit-test";
		};
/* End PBXNativeTarget section */

/* Begin PBXProject section */
		3FBED3931A738AA3007FFCCB /* Project object */ = {
			isa = PBXProject;
			attributes = {
				LastUpgradeCheck = 0610;
				ORGANIZATIONNAME = "xipeng yang";
				TargetAttributes = {
					3FBED39A1A738AA3007FFCCB = {
						CreatedOnToolsVersion = 6.1.1;
					};
					3FBED3AF1A738AA3007FFCCB = {
						CreatedOnToolsVersion = 6.1.1;
						TestTargetID = 3FBED39A1A738AA3007FFCCB;
					};
				};
			};
			buildConfigurationList = 3FBED3961A738AA3007FFCCB /* Build configuration list for PBXProject "Times Tables" */;
			compatibilityVersion = "Xcode 3.2";
			developmentRegion = English;
			hasScannedForEncodings = 0;
			knownRegions = (
				en,
				Base,
			);
			mainGroup = 3FBED3921A738AA3007FFCCB;
			productRefGroup = 3FBED39C1A738AA3007FFCCB /* Products */;
			projectDirPath = "";
			projectRoot = "";
			targets = (
				3FBED39A1A738AA3007FFCCB /* Times Tables */,
				3FBED3AF1A738AA3007FFCCB /* Times TablesTests */,
			);
		};
/* End PBXProject section */

/* Begin PBXResourcesBuildPhase section */
		3FBED3991A738AA3007FFCCB /* Resources */ = {
			isa = PBXResourcesBuildPhase;
			buildActionMask = 2147483647;
			files = (
				3FBED3A61A738AA3007FFCCB /* Main.storyboard in Resources */,
				3FBED3AB1A738AA3007FFCCB /* LaunchScreen.xib in Resources */,
				3FBED3A81A738AA3007FFCCB /* Images.xcassets in Resources */,
			);
			runOnlyForDeploymentPostprocessing = 0;
		};
		3FBED3AE1A738AA3007FFCCB /* Resources */ = {
			isa = PBXResourcesBuildPhase;
			buildActionMask = 2147483647;
			files = (
			);
			runOnlyForDeploymentPostprocessing = 0;
		};
/* End PBXResourcesBuildPhase section */

/* Begin PBXSourcesBuildPhase section */
		3FBED3971A738AA3007FFCCB /* Sources */ = {
			isa = PBXSourcesBuildPhase;
			buildActionMask = 2147483647;
			files = (
				3FBED3A31A738AA3007FFCCB /* ViewController.swift in Sources */,
				3FBED3A11A738AA3007FFCCB /* AppDelegate.swift in Sources */,
			);
			runOnlyForDeploymentPostprocessing = 0;
		};
		3FBED3AC1A738AA3007FFCCB /* Sources */ = {
			isa = PBXSourcesBuildPhase;
			buildActionMask = 2147483647;
			files = (
				3FBED3B71A738AA3007FFCCB /* Times_TablesTests.swift in Sources */,
			);
			runOnlyForDeploymentPostprocessing = 0;
		};
/* End PBXSourcesBuildPhase section */

/* Begin PBXTargetDependency section */
		3FBED3B21A738AA3007FFCCB /* PBXTargetDependency */ = {
			isa = PBXTargetDependency;
			target = 3FBED39A1A738AA3007FFCCB /* Times Tables */;
			targetProxy = 3FBED3B11A738AA3007FFCCB /* PBXContainerItemProxy */;
		};
/* End PBXTargetDependency section */

/* Begin PBXVariantGroup section */
		3FBED3A41A738AA3007FFCCB /* Main.storyboard */ = {
			isa = PBXVariantGroup;
			children = (
				3FBED3A51A738AA3007FFCCB /* Base */,
			);
			name = Main.storyboard;
			sourceTree = "<group>";
		};
		3FBED3A91A738AA3007FFCCB /* LaunchScreen.xib */ = {
			isa = PBXVariantGroup;
			children = (
				3FBED3AA1A738AA3007FFCCB /* Base */,
			);
			name = LaunchScreen.xib;
			sourceTree = "<group>";
		};
/* End PBXVariantGroup section */

/* Begin XCBuildConfiguration section */
		3FBED3B81A738AA3007FFCCB /* Debug */ = {
			isa = XCBuildConfiguration;
			buildSettings = {
				ALWAYS_SEARCH_USER_PATHS = NO;
				CLANG_CXX_LANGUAGE_STANDARD = "gnu++0x";
				CLANG_CXX_LIBRARY = "libc++";
				CLANG_ENABLE_MODULES = YES;
				CLANG_ENABLE_OBJC_ARC = YES;
				CLANG_WARN_BOOL_CONVERSION = YES;
				CLANG_WARN_CONSTANT_CONVERSION = YES;
				CLANG_WARN_DIRECT_OBJC_ISA_USAGE = YES_ERROR;
				CLANG_WARN_EMPTY_BODY = YES;
				CLANG_WARN_ENUM_CONVERSION = YES;
				CLANG_WARN_INT_CONVERSION = YES;
				CLANG_WARN_OBJC_ROOT_CLASS = YES_ERROR;
				CLANG_WARN_UNREACHABLE_CODE = YES;
				CLANG_WARN__DUPLICATE_METHOD_MATCH = YES;
				"CODE_SIGN_IDENTITY[sdk=iphoneos*]" = "iPhone Developer";
				COPY_PHASE_STRIP = NO;
				ENABLE_STRICT_OBJC_MSGSEND = YES;
				GCC_C_LANGUAGE_STANDARD = gnu99;
				GCC_DYNAMIC_NO_PIC = NO;
				GCC_OPTIMIZATION_LEVEL = 0;
				GCC_PREPROCESSOR_DEFINITIONS = (
					"DEBUG=1",
					"$(inherited)",
				);
				GCC_SYMBOLS_PRIVATE_EXTERN = NO;
				GCC_WARN_64_TO_32_BIT_CONVERSION = YES;
				GCC_WARN_ABOUT_RETURN_TYPE = YES_ERROR;
				GCC_WARN_UNDECLARED_SELECTOR = YES;
				GCC_WARN_UNINITIALIZED_AUTOS = YES_AGGRESSIVE;
				GCC_WARN_UNUSED_FUNCTION = YES;
				GCC_WARN_UNUSED_VARIABLE = YES;
				IPHONEOS_DEPLOYMENT_TARGET = 8.1;
				MTL_ENABLE_DEBUG_INFO = YES;
				ONLY_ACTIVE_ARCH = YES;
				SDKROOT = iphoneos;
				SWIFT_OPTIMIZATION_LEVEL = "-Onone";
			};
			name = Debug;
		};
		3FBED3B91A738AA3007FFCCB /* Release */ = {
			isa = XCBuildConfiguration;
			buildSettings = {
				ALWAYS_SEARCH_USER_PATHS = NO;
				CLANG_CXX_LANGUAGE_STANDARD = "gnu++0x";
				CLANG_CXX_LIBRARY = "libc++";
				CLANG_ENABLE_MODULES = YES;
				CLANG_ENABLE_OBJC_ARC = YES;
				CLANG_WARN_BOOL_CONVERSION = YES;
				CLANG_WARN_CONSTANT_CONVERSION = YES;
				CLANG_WARN_DIRECT_OBJC_ISA_USAGE = YES_ERROR;
				CLANG_WARN_EMPTY_BODY = YES;
				CLANG_WARN_ENUM_CONVERSION = YES;
				CLANG_WARN_INT_CONVERSION = YES;
				CLANG_WARN_OBJC_ROOT_CLASS = YES_ERROR;
				CLANG_WARN_UNREACHABLE_CODE = YES;
				CLANG_WARN__DUPLICATE_METHOD_MATCH = YES;
				"CODE_SIGN_IDENTITY[sdk=iphoneos*]" = "iPhone Developer";
				COPY_PHASE_STRIP = YES;
				ENABLE_NS_ASSERTIONS = NO;
				ENABLE_STRICT_OBJC_MSGSEND = YES;
				GCC_C_LANGUAGE_STANDARD = gnu99;
				GCC_WARN_64_TO_32_BIT_CONVERSION = YES;
				GCC_WARN_ABOUT_RETURN_TYPE = YES_ERROR;
				GCC_WARN_UNDECLARED_SELECTOR = YES;
				GCC_WARN_UNINITIALIZED_AUTOS = YES_AGGRESSIVE;
				GCC_WARN_UNUSED_FUNCTION = YES;
				GCC_WARN_UNUSED_VARIABLE = YES;
				IPHONEOS_DEPLOYMENT_TARGET = 8.1;
				MTL_ENABLE_DEBUG_INFO = NO;
				SDKROOT = iphoneos;
				VALIDATE_PRODUCT = YES;
			};
			name = Release;
		};
		3FBED3BB1A738AA3007FFCCB /* Debug */ = {
			isa = XCBuildConfiguration;
			buildSettings = {
				ASSETCATALOG_COMPILER_APPICON_NAME = AppIcon;
				INFOPLIST_FILE = "Times Tables/Info.plist";
				LD_RUNPATH_SEARCH_PATHS = "$(inherited) @executable_path/Frameworks";
				PRODUCT_NAME = "$(TARGET_NAME)";
			};
			name = Debug;
		};
		3FBED3BC1A738AA3007FFCCB /* Release */ = {
			isa = XCBuildConfiguration;
			buildSettings = {
				ASSETCATALOG_COMPILER_APPICON_NAME = AppIcon;
				INFOPLIST_FILE = "Times Tables/Info.plist";
				LD_RUNPATH_SEARCH_PATHS = "$(inherited) @executable_path/Frameworks";
				PRODUCT_NAME = "$(TARGET_NAME)";
			};
			name = Release;
		};
		3FBED3BE1A738AA3007FFCCB /* Debug */ = {
			isa = XCBuildConfiguration;
			buildSettings = {
				BUNDLE_LOADER = "$(TEST_HOST)";
				FRAMEWORK_SEARCH_PATHS = (
					"$(SDKROOT)/Developer/Library/Frameworks",
					"$(inherited)",
				);
				GCC_PREPROCESSOR_DEFINITIONS = (
					"DEBUG=1",
					"$(inherited)",
				);
				INFOPLIST_FILE = "Times TablesTests/Info.plist";
				LD_RUNPATH_SEARCH_PATHS = "$(inherited) @executable_path/Frameworks @loader_path/Frameworks";
				PRODUCT_NAME = "$(TARGET_NAME)";
				TEST_HOST = "$(BUILT_PRODUCTS_DIR)/Times Tables.app/Times Tables";
			};
			name = Debug;
		};
		3FBED3BF1A738AA3007FFCCB /* Release */ = {
			isa = XCBuildConfiguration;
			buildSettings = {
				BUNDLE_LOADER = "$(TEST_HOST)";
				FRAMEWORK_SEARCH_PATHS = (
					"$(SDKROOT)/Developer/Library/Frameworks",
					"$(inherited)",
				);
				INFOPLIST_FILE = "Times TablesTests/Info.plist";
				LD_RUNPATH_SEARCH_PATHS = "$(inherited) @executable_path/Frameworks @loader_path/Frameworks";
				PRODUCT_NAME = "$(TARGET_NAME)";
				TEST_HOST = "$(BUILT_PRODUCTS_DIR)/Times Tables.app/Times Tables";
			};
			name = Release;
		};
/* End XCBuildConfiguration section */

/* Begin XCConfigurationList section */
		3FBED3961A738AA3007FFCCB /* Build configuration list for PBXProject "Times Tables" */ = {
			isa = XCConfigurationList;
			buildConfigurations = (
				3FBED3B81A738AA3007FFCCB /* Debug */,
				3FBED3B91A738AA3007FFCCB /* Release */,
			);
			defaultConfigurationIsVisible = 0;
			defaultConfigurationName = Release;
		};
		3FBED3BA1A738AA3007FFCCB /* Build configuration list for PBXNativeTarget "Times Tables" */ = {
			isa = XCConfigurationList;
			buildConfigurations = (
				3FBED3BB1A738AA3007FFCCB /* Debug */,
				3FBED3BC1A738AA3007FFCCB /* Release */,
			);
			defaultConfigurationIsVisible = 0;
		};
		3FBED3BD1A738AA3007FFCCB /* Build configuration list for PBXNativeTarget "Times TablesTests" */ = {
			isa = XCConfigurationList;
			buildConfigurations = (
				3FBED3BE1A738AA3007FFCCB /* Debug */,
				3FBED3BF1A738AA3007FFCCB /* Release */,
			);
			defaultConfigurationIsVisible = 0;
		};
/* End XCConfigurationList section */
	};
	rootObject = 3FBED3931A738AA3007FFCCB /* Project object */;
}
