// !$*UTF8*$!
{
	archiveVersion = 1;
	classes = {
	};
	objectVersion = 46;
	objects = {

/* Begin PBXBuildFile section */
		3F159ED91A6A477F00C3C152 /* AppDelegate.swift in Sources */ = {isa = PBXBuildFile; fileRef = 3F159ED81A6A477F00C3C152 /* AppDelegate.swift */; };
		3F159EDB1A6A477F00C3C152 /* ViewController.swift in Sources */ = {isa = PBXBuildFile; fileRef = 3F159EDA1A6A477F00C3C152 /* ViewController.swift */; };
		3F159EDE1A6A477F00C3C152 /* Main.storyboard in Resources */ = {isa = PBXBuildFile; fileRef = 3F159EDC1A6A477F00C3C152 /* Main.storyboard */; };
		3F159EE01A6A477F00C3C152 /* Images.xcassets in Resources */ = {isa = PBXBuildFile; fileRef = 3F159EDF1A6A477F00C3C152 /* Images.xcassets */; };
		3F159EE31A6A477F00C3C152 /* LaunchScreen.xib in Resources */ = {isa = PBXBuildFile; fileRef = 3F159EE11A6A477F00C3C152 /* LaunchScreen.xib */; };
		3F159EEF1A6A477F00C3C152 /* How_Many_FingersTests.swift in Sources */ = {isa = PBXBuildFile; fileRef = 3F159EEE1A6A477F00C3C152 /* How_Many_FingersTests.swift */; };
/* End PBXBuildFile section */

/* Begin PBXContainerItemProxy section */
		3F159EE91A6A477F00C3C152 /* PBXContainerItemProxy */ = {
			isa = PBXContainerItemProxy;
			containerPortal = 3F159ECB1A6A477F00C3C152 /* Project object */;
			proxyType = 1;
			remoteGlobalIDString = 3F159ED21A6A477F00C3C152;
			remoteInfo = "How Many Fingers";
		};
/* End PBXContainerItemProxy section */

/* Begin PBXFileReference section */
		3F159ED31A6A477F00C3C152 /* How Many Fingers.app */ = {isa = PBXFileReference; explicitFileType = wrapper.application; includeInIndex = 0; path = "How Many Fingers.app"; sourceTree = BUILT_PRODUCTS_DIR; };
		3F159ED71A6A477F00C3C152 /* Info.plist */ = {isa = PBXFileReference; lastKnownFileType = text.plist.xml; path = Info.plist; sourceTree = "<group>"; };
		3F159ED81A6A477F00C3C152 /* AppDelegate.swift */ = {isa = PBXFileReference; lastKnownFileType = sourcecode.swift; path = AppDelegate.swift; sourceTree = "<group>"; };
		3F159EDA1A6A477F00C3C152 /* ViewController.swift */ = {isa = PBXFileReference; lastKnownFileType = sourcecode.swift; path = ViewController.swift; sourceTree = "<group>"; };
		3F159EDD1A6A477F00C3C152 /* Base */ = {isa = PBXFileReference; lastKnownFileType = file.storyboard; name = Base; path = Base.lproj/Main.storyboard; sourceTree = "<group>"; };
		3F159EDF1A6A477F00C3C152 /* Images.xcassets */ = {isa = PBXFileReference; lastKnownFileType = folder.assetcatalog; path = Images.xcassets; sourceTree = "<group>"; };
		3F159EE21A6A477F00C3C152 /* Base */ = {isa = PBXFileReference; lastKnownFileType = file.xib; name = Base; path = Base.lproj/LaunchScreen.xib; sourceTree = "<group>"; };
		3F159EE81A6A477F00C3C152 /* How Many FingersTests.xctest */ = {isa = PBXFileReference; explicitFileType = wrapper.cfbundle; includeInIndex = 0; path = "How Many FingersTests.xctest"; sourceTree = BUILT_PRODUCTS_DIR; };
		3F159EED1A6A477F00C3C152 /* Info.plist */ = {isa = PBXFileReference; lastKnownFileType = text.plist.xml; path = Info.plist; sourceTree = "<group>"; };
		3F159EEE1A6A477F00C3C152 /* How_Many_FingersTests.swift */ = {isa = PBXFileReference; lastKnownFileType = sourcecode.swift; path = How_Many_FingersTests.swift; sourceTree = "<group>"; };
/* End PBXFileReference section */

/* Begin PBXFrameworksBuildPhase section */
		3F159ED01A6A477F00C3C152 /* Frameworks */ = {
			isa = PBXFrameworksBuildPhase;
			buildActionMask = 2147483647;
			files = (
			);
			runOnlyForDeploymentPostprocessing = 0;
		};
		3F159EE51A6A477F00C3C152 /* Frameworks */ = {
			isa = PBXFrameworksBuildPhase;
			buildActionMask = 2147483647;
			files = (
			);
			runOnlyForDeploymentPostprocessing = 0;
		};
/* End PBXFrameworksBuildPhase section */

/* Begin PBXGroup section */
		3F159ECA1A6A477F00C3C152 = {
			isa = PBXGroup;
			children = (
				3F159ED51A6A477F00C3C152 /* How Many Fingers */,
				3F159EEB1A6A477F00C3C152 /* How Many FingersTests */,
				3F159ED41A6A477F00C3C152 /* Products */,
			);
			sourceTree = "<group>";
		};
		3F159ED41A6A477F00C3C152 /* Products */ = {
			isa = PBXGroup;
			children = (
				3F159ED31A6A477F00C3C152 /* How Many Fingers.app */,
				3F159EE81A6A477F00C3C152 /* How Many FingersTests.xctest */,
			);
			name = Products;
			sourceTree = "<group>";
		};
		3F159ED51A6A477F00C3C152 /* How Many Fingers */ = {
			isa = PBXGroup;
			children = (
				3F159ED81A6A477F00C3C152 /* AppDelegate.swift */,
				3F159EDA1A6A477F00C3C152 /* ViewController.swift */,
				3F159EDC1A6A477F00C3C152 /* Main.storyboard */,
				3F159EDF1A6A477F00C3C152 /* Images.xcassets */,
				3F159EE11A6A477F00C3C152 /* LaunchScreen.xib */,
				3F159ED61A6A477F00C3C152 /* Supporting Files */,
			);
			path = "How Many Fingers";
			sourceTree = "<group>";
		};
		3F159ED61A6A477F00C3C152 /* Supporting Files */ = {
			isa = PBXGroup;
			children = (
				3F159ED71A6A477F00C3C152 /* Info.plist */,
			);
			name = "Supporting Files";
			sourceTree = "<group>";
		};
		3F159EEB1A6A477F00C3C152 /* How Many FingersTests */ = {
			isa = PBXGroup;
			children = (
				3F159EEE1A6A477F00C3C152 /* How_Many_FingersTests.swift */,
				3F159EEC1A6A477F00C3C152 /* Supporting Files */,
			);
			path = "How Many FingersTests";
			sourceTree = "<group>";
		};
		3F159EEC1A6A477F00C3C152 /* Supporting Files */ = {
			isa = PBXGroup;
			children = (
				3F159EED1A6A477F00C3C152 /* Info.plist */,
			);
			name = "Supporting Files";
			sourceTree = "<group>";
		};
/* End PBXGroup section */

/* Begin PBXNativeTarget section */
		3F159ED21A6A477F00C3C152 /* How Many Fingers */ = {
			isa = PBXNativeTarget;
			buildConfigurationList = 3F159EF21A6A477F00C3C152 /* Build configuration list for PBXNativeTarget "How Many Fingers" */;
			buildPhases = (
				3F159ECF1A6A477F00C3C152 /* Sources */,
				3F159ED01A6A477F00C3C152 /* Frameworks */,
				3F159ED11A6A477F00C3C152 /* Resources */,
			);
			buildRules = (
			);
			dependencies = (
			);
			name = "How Many Fingers";
			productName = "How Many Fingers";
			productReference = 3F159ED31A6A477F00C3C152 /* How Many Fingers.app */;
			productType = "com.apple.product-type.application";
		};
		3F159EE71A6A477F00C3C152 /* How Many FingersTests */ = {
			isa = PBXNativeTarget;
			buildConfigurationList = 3F159EF51A6A477F00C3C152 /* Build configuration list for PBXNativeTarget "How Many FingersTests" */;
			buildPhases = (
				3F159EE41A6A477F00C3C152 /* Sources */,
				3F159EE51A6A477F00C3C152 /* Frameworks */,
				3F159EE61A6A477F00C3C152 /* Resources */,
			);
			buildRules = (
			);
			dependencies = (
				3F159EEA1A6A477F00C3C152 /* PBXTargetDependency */,
			);
			name = "How Many FingersTests";
			productName = "How Many FingersTests";
			productReference = 3F159EE81A6A477F00C3C152 /* How Many FingersTests.xctest */;
			productType = "com.apple.product-type.bundle.unit-test";
		};
/* End PBXNativeTarget section */

/* Begin PBXProject section */
		3F159ECB1A6A477F00C3C152 /* Project object */ = {
			isa = PBXProject;
			attributes = {
				LastUpgradeCheck = 0610;
				ORGANIZATIONNAME = "xipeng yang";
				TargetAttributes = {
					3F159ED21A6A477F00C3C152 = {
						CreatedOnToolsVersion = 6.1.1;
					};
					3F159EE71A6A477F00C3C152 = {
						CreatedOnToolsVersion = 6.1.1;
						TestTargetID = 3F159ED21A6A477F00C3C152;
					};
				};
			};
			buildConfigurationList = 3F159ECE1A6A477F00C3C152 /* Build configuration list for PBXProject "How Many Fingers" */;
			compatibilityVersion = "Xcode 3.2";
			developmentRegion = English;
			hasScannedForEncodings = 0;
			knownRegions = (
				en,
				Base,
			);
			mainGroup = 3F159ECA1A6A477F00C3C152;
			productRefGroup = 3F159ED41A6A477F00C3C152 /* Products */;
			projectDirPath = "";
			projectRoot = "";
			targets = (
				3F159ED21A6A477F00C3C152 /* How Many Fingers */,
				3F159EE71A6A477F00C3C152 /* How Many FingersTests */,
			);
		};
/* End PBXProject section */

/* Begin PBXResourcesBuildPhase section */
		3F159ED11A6A477F00C3C152 /* Resources */ = {
			isa = PBXResourcesBuildPhase;
			buildActionMask = 2147483647;
			files = (
				3F159EDE1A6A477F00C3C152 /* Main.storyboard in Resources */,
				3F159EE31A6A477F00C3C152 /* LaunchScreen.xib in Resources */,
				3F159EE01A6A477F00C3C152 /* Images.xcassets in Resources */,
			);
			runOnlyForDeploymentPostprocessing = 0;
		};
		3F159EE61A6A477F00C3C152 /* Resources */ = {
			isa = PBXResourcesBuildPhase;
			buildActionMask = 2147483647;
			files = (
			);
			runOnlyForDeploymentPostprocessing = 0;
		};
/* End PBXResourcesBuildPhase section */

/* Begin PBXSourcesBuildPhase section */
		3F159ECF1A6A477F00C3C152 /* Sources */ = {
			isa = PBXSourcesBuildPhase;
			buildActionMask = 2147483647;
			files = (
				3F159EDB1A6A477F00C3C152 /* ViewController.swift in Sources */,
				3F159ED91A6A477F00C3C152 /* AppDelegate.swift in Sources */,
			);
			runOnlyForDeploymentPostprocessing = 0;
		};
		3F159EE41A6A477F00C3C152 /* Sources */ = {
			isa = PBXSourcesBuildPhase;
			buildActionMask = 2147483647;
			files = (
				3F159EEF1A6A477F00C3C152 /* How_Many_FingersTests.swift in Sources */,
			);
			runOnlyForDeploymentPostprocessing = 0;
		};
/* End PBXSourcesBuildPhase section */

/* Begin PBXTargetDependency section */
		3F159EEA1A6A477F00C3C152 /* PBXTargetDependency */ = {
			isa = PBXTargetDependency;
			target = 3F159ED21A6A477F00C3C152 /* How Many Fingers */;
			targetProxy = 3F159EE91A6A477F00C3C152 /* PBXContainerItemProxy */;
		};
/* End PBXTargetDependency section */

/* Begin PBXVariantGroup section */
		3F159EDC1A6A477F00C3C152 /* Main.storyboard */ = {
			isa = PBXVariantGroup;
			children = (
				3F159EDD1A6A477F00C3C152 /* Base */,
			);
			name = Main.storyboard;
			sourceTree = "<group>";
		};
		3F159EE11A6A477F00C3C152 /* LaunchScreen.xib */ = {
			isa = PBXVariantGroup;
			children = (
				3F159EE21A6A477F00C3C152 /* Base */,
			);
			name = LaunchScreen.xib;
			sourceTree = "<group>";
		};
/* End PBXVariantGroup section */

/* Begin XCBuildConfiguration section */
		3F159EF01A6A477F00C3C152 /* Debug */ = {
			isa = XCBuildConfiguration;
			buildSettings = {
				ALWAYS_SEARCH_USER_PATHS = NO;
				CLANG_CXX_LANGUAGE_STANDARD = "gnu++0x";
				CLANG_CXX_LIBRARY = "libc++";
				CLANG_ENABLE_MODULES = YES;
				CLANG_ENABLE_OBJC_ARC = YES;
				CLANG_WARN_BOOL_CONVERSION = YES;
				CLANG_WARN_CONSTANT_CONVERSION = YES;
				CLANG_WARN_DIRECT_OBJC_ISA_USAGE = YES_ERROR;
				CLANG_WARN_EMPTY_BODY = YES;
				CLANG_WARN_ENUM_CONVERSION = YES;
				CLANG_WARN_INT_CONVERSION = YES;
				CLANG_WARN_OBJC_ROOT_CLASS = YES_ERROR;
				CLANG_WARN_UNREACHABLE_CODE = YES;
				CLANG_WARN__DUPLICATE_METHOD_MATCH = YES;
				"CODE_SIGN_IDENTITY[sdk=iphoneos*]" = "iPhone Developer";
				COPY_PHASE_STRIP = NO;
				ENABLE_STRICT_OBJC_MSGSEND = YES;
				GCC_C_LANGUAGE_STANDARD = gnu99;
				GCC_DYNAMIC_NO_PIC = NO;
				GCC_OPTIMIZATION_LEVEL = 0;
				GCC_PREPROCESSOR_DEFINITIONS = (
					"DEBUG=1",
					"$(inherited)",
				);
				GCC_SYMBOLS_PRIVATE_EXTERN = NO;
				GCC_WARN_64_TO_32_BIT_CONVERSION = YES;
				GCC_WARN_ABOUT_RETURN_TYPE = YES_ERROR;
				GCC_WARN_UNDECLARED_SELECTOR = YES;
				GCC_WARN_UNINITIALIZED_AUTOS = YES_AGGRESSIVE;
				GCC_WARN_UNUSED_FUNCTION = YES;
				GCC_WARN_UNUSED_VARIABLE = YES;
				IPHONEOS_DEPLOYMENT_TARGET = 8.1;
				MTL_ENABLE_DEBUG_INFO = YES;
				ONLY_ACTIVE_ARCH = YES;
				SDKROOT = iphoneos;
				SWIFT_OPTIMIZATION_LEVEL = "-Onone";
			};
			name = Debug;
		};
		3F159EF11A6A477F00C3C152 /* Release */ = {
			isa = XCBuildConfiguration;
			buildSettings = {
				ALWAYS_SEARCH_USER_PATHS = NO;
				CLANG_CXX_LANGUAGE_STANDARD = "gnu++0x";
				CLANG_CXX_LIBRARY = "libc++";
				CLANG_ENABLE_MODULES = YES;
				CLANG_ENABLE_OBJC_ARC = YES;
				CLANG_WARN_BOOL_CONVERSION = YES;
				CLANG_WARN_CONSTANT_CONVERSION = YES;
				CLANG_WARN_DIRECT_OBJC_ISA_USAGE = YES_ERROR;
				CLANG_WARN_EMPTY_BODY = YES;
				CLANG_WARN_ENUM_CONVERSION = YES;
				CLANG_WARN_INT_CONVERSION = YES;
				CLANG_WARN_OBJC_ROOT_CLASS = YES_ERROR;
				CLANG_WARN_UNREACHABLE_CODE = YES;
				CLANG_WARN__DUPLICATE_METHOD_MATCH = YES;
				"CODE_SIGN_IDENTITY[sdk=iphoneos*]" = "iPhone Developer";
				COPY_PHASE_STRIP = YES;
				ENABLE_NS_ASSERTIONS = NO;
				ENABLE_STRICT_OBJC_MSGSEND = YES;
				GCC_C_LANGUAGE_STANDARD = gnu99;
				GCC_WARN_64_TO_32_BIT_CONVERSION = YES;
				GCC_WARN_ABOUT_RETURN_TYPE = YES_ERROR;
				GCC_WARN_UNDECLARED_SELECTOR = YES;
				GCC_WARN_UNINITIALIZED_AUTOS = YES_AGGRESSIVE;
				GCC_WARN_UNUSED_FUNCTION = YES;
				GCC_WARN_UNUSED_VARIABLE = YES;
				IPHONEOS_DEPLOYMENT_TARGET = 8.1;
				MTL_ENABLE_DEBUG_INFO = NO;
				SDKROOT = iphoneos;
				VALIDATE_PRODUCT = YES;
			};
			name = Release;
		};
		3F159EF31A6A477F00C3C152 /* Debug */ = {
			isa = XCBuildConfiguration;
			buildSettings = {
				ASSETCATALOG_COMPILER_APPICON_NAME = AppIcon;
				INFOPLIST_FILE = "How Many Fingers/Info.plist";
				LD_RUNPATH_SEARCH_PATHS = "$(inherited) @executable_path/Frameworks";
				PRODUCT_NAME = "$(TARGET_NAME)";
			};
			name = Debug;
		};
		3F159EF41A6A477F00C3C152 /* Release */ = {
			isa = XCBuildConfiguration;
			buildSettings = {
				ASSETCATALOG_COMPILER_APPICON_NAME = AppIcon;
				INFOPLIST_FILE = "How Many Fingers/Info.plist";
				LD_RUNPATH_SEARCH_PATHS = "$(inherited) @executable_path/Frameworks";
				PRODUCT_NAME = "$(TARGET_NAME)";
			};
			name = Release;
		};
		3F159EF61A6A477F00C3C152 /* Debug */ = {
			isa = XCBuildConfiguration;
			buildSettings = {
				BUNDLE_LOADER = "$(TEST_HOST)";
				FRAMEWORK_SEARCH_PATHS = (
					"$(SDKROOT)/Developer/Library/Frameworks",
					"$(inherited)",
				);
				GCC_PREPROCESSOR_DEFINITIONS = (
					"DEBUG=1",
					"$(inherited)",
				);
				INFOPLIST_FILE = "How Many FingersTests/Info.plist";
				LD_RUNPATH_SEARCH_PATHS = "$(inherited) @executable_path/Frameworks @loader_path/Frameworks";
				PRODUCT_NAME = "$(TARGET_NAME)";
				TEST_HOST = "$(BUILT_PRODUCTS_DIR)/How Many Fingers.app/How Many Fingers";
			};
			name = Debug;
		};
		3F159EF71A6A477F00C3C152 /* Release */ = {
			isa = XCBuildConfiguration;
			buildSettings = {
				BUNDLE_LOADER = "$(TEST_HOST)";
				FRAMEWORK_SEARCH_PATHS = (
					"$(SDKROOT)/Developer/Library/Frameworks",
					"$(inherited)",
				);
				INFOPLIST_FILE = "How Many FingersTests/Info.plist";
				LD_RUNPATH_SEARCH_PATHS = "$(inherited) @executable_path/Frameworks @loader_path/Frameworks";
				PRODUCT_NAME = "$(TARGET_NAME)";
				TEST_HOST = "$(BUILT_PRODUCTS_DIR)/How Many Fingers.app/How Many Fingers";
			};
			name = Release;
		};
/* End XCBuildConfiguration section */

/* Begin XCConfigurationList section */
		3F159ECE1A6A477F00C3C152 /* Build configuration list for PBXProject "How Many Fingers" */ = {
			isa = XCConfigurationList;
			buildConfigurations = (
				3F159EF01A6A477F00C3C152 /* Debug */,
				3F159EF11A6A477F00C3C152 /* Release */,
			);
			defaultConfigurationIsVisible = 0;
			defaultConfigurationName = Release;
		};
		3F159EF21A6A477F00C3C152 /* Build configuration list for PBXNativeTarget "How Many Fingers" */ = {
			isa = XCConfigurationList;
			buildConfigurations = (
				3F159EF31A6A477F00C3C152 /* Debug */,
				3F159EF41A6A477F00C3C152 /* Release */,
			);
			defaultConfigurationIsVisible = 0;
		};
		3F159EF51A6A477F00C3C152 /* Build configuration list for PBXNativeTarget "How Many FingersTests" */ = {
			isa = XCConfigurationList;
			buildConfigurations = (
				3F159EF61A6A477F00C3C152 /* Debug */,
				3F159EF71A6A477F00C3C152 /* Release */,
			);
			defaultConfigurationIsVisible = 0;
		};
/* End XCConfigurationList section */
	};
	rootObject = 3F159ECB1A6A477F00C3C152 /* Project object */;
}
